// !$*UTF8*$!
{
	archiveVersion = 1;
	classes = {
	};
	objectVersion = 46;
	objects = {

/* Begin PBXBuildFile section */
		410F9E541F03CC4300EB54CE /* OTTSdk.h in Headers */ = {isa = PBXBuildFile; fileRef = 410F9E521F03CC4300EB54CE /* OTTSdk.h */; settings = {ATTRIBUTES = (Public, ); }; };
		410F9EB71F03DC6B00EB54CE /* API.swift in Sources */ = {isa = PBXBuildFile; fileRef = 410F9E5B1F03DC6B00EB54CE /* API.swift */; };
		410F9EB81F03DC6B00EB54CE /* KeychainSwiftDistrib.swift in Sources */ = {isa = PBXBuildFile; fileRef = 410F9E5D1F03DC6B00EB54CE /* KeychainSwiftDistrib.swift */; };
		410F9EFF1F03DC6B00EB54CE /* MediaCatalogManager.swift in Sources */ = {isa = PBXBuildFile; fileRef = 410F9EAC1F03DC6B00EB54CE /* MediaCatalogManager.swift */; };
		410F9F001F03DC6B00EB54CE /* PaymentsManager.swift in Sources */ = {isa = PBXBuildFile; fileRef = 410F9EAD1F03DC6B00EB54CE /* PaymentsManager.swift */; };
		410F9F011F03DC6B00EB54CE /* PreferenceManager.swift in Sources */ = {isa = PBXBuildFile; fileRef = 410F9EAE1F03DC6B00EB54CE /* PreferenceManager.swift */; };
		410F9F021F03DC6B00EB54CE /* StaticContentManager.swift in Sources */ = {isa = PBXBuildFile; fileRef = 410F9EAF1F03DC6B00EB54CE /* StaticContentManager.swift */; };
		410F9F041F03DC6B00EB54CE /* UserManager.swift in Sources */ = {isa = PBXBuildFile; fileRef = 410F9EB11F03DC6B00EB54CE /* UserManager.swift */; };
		410F9F051F03DC6B00EB54CE /* OTTSdk.swift in Sources */ = {isa = PBXBuildFile; fileRef = 410F9EB21F03DC6B00EB54CE /* OTTSdk.swift */; };
		410F9F061F03DC6B00EB54CE /* APIConstants.swift in Sources */ = {isa = PBXBuildFile; fileRef = 410F9EB41F03DC6B00EB54CE /* APIConstants.swift */; };
		410F9F071F03DC6B00EB54CE /* APILog.swift in Sources */ = {isa = PBXBuildFile; fileRef = 410F9EB51F03DC6B00EB54CE /* APILog.swift */; };
		410F9F081F03DC6B00EB54CE /* Utility.swift in Sources */ = {isa = PBXBuildFile; fileRef = 410F9EB61F03DC6B00EB54CE /* Utility.swift */; };
		411AE5111F18D59B00837C88 /* Device.swift in Sources */ = {isa = PBXBuildFile; fileRef = 411AE5101F18D59B00837C88 /* Device.swift */; };
		411AE5181F18FA9A00837C88 /* TabsInfo.swift in Sources */ = {isa = PBXBuildFile; fileRef = 411AE5171F18FA9A00837C88 /* TabsInfo.swift */; };
		412C03B31F1CC03B00C361F5 /* Package.swift in Sources */ = {isa = PBXBuildFile; fileRef = 412C03B21F1CC03B00C361F5 /* Package.swift */; };
		412DE86A1F2239A900C261E1 /* Transaction.swift in Sources */ = {isa = PBXBuildFile; fileRef = 412DE8691F2239A900C261E1 /* Transaction.swift */; };
		4130E17E1F16039B00892740 /* Language.swift in Sources */ = {isa = PBXBuildFile; fileRef = 4130E17D1F16039B00892740 /* Language.swift */; };
		4130E1801F165B7A00892740 /* Country.swift in Sources */ = {isa = PBXBuildFile; fileRef = 4130E17F1F165B7A00892740 /* Country.swift */; };
		4148944A1F04FE250048A31E /* APIError.swift in Sources */ = {isa = PBXBuildFile; fileRef = 414894491F04FE250048A31E /* APIError.swift */; };
		414894A91F0529050048A31E /* YuppModel.swift in Sources */ = {isa = PBXBuildFile; fileRef = 414894A81F0529050048A31E /* YuppModel.swift */; };
		414894AB1F0529D20048A31E /* AppManager.swift in Sources */ = {isa = PBXBuildFile; fileRef = 414894AA1F0529D20048A31E /* AppManager.swift */; };
		415372751F1F3D0C00626418 /* OTP.swift in Sources */ = {isa = PBXBuildFile; fileRef = 415372741F1F3D0C00626418 /* OTP.swift */; };
		4153727A1F1FA70200626418 /* Filter.swift in Sources */ = {isa = PBXBuildFile; fileRef = 415372791F1FA70200626418 /* Filter.swift */; };
		4167032F1F0BD9370056E644 /* Banner.swift in Sources */ = {isa = PBXBuildFile; fileRef = 4167032E1F0BD9370056E644 /* Banner.swift */; };
		416CECFC1F34B9870012489E /* LocationinfoResponse.swift in Sources */ = {isa = PBXBuildFile; fileRef = 416CECFB1F34B9870012489E /* LocationinfoResponse.swift */; };
		41C1E3001F135F9100CC42AD /* User.swift in Sources */ = {isa = PBXBuildFile; fileRef = 41C1E2FF1F135F9100CC42AD /* User.swift */; };
		41C7C9E71F0608CA006B51E2 /* Menu.swift in Sources */ = {isa = PBXBuildFile; fileRef = 41C7C9E61F0608CA006B51E2 /* Menu.swift */; };
		41C7C9E91F060D9D006B51E2 /* ResourceProfile.swift in Sources */ = {isa = PBXBuildFile; fileRef = 41C7C9E81F060D9D006B51E2 /* ResourceProfile.swift */; };
		41C7C9EC1F060F60006B51E2 /* ConfigResponse.swift in Sources */ = {isa = PBXBuildFile; fileRef = 41C7C9EB1F060F60006B51E2 /* ConfigResponse.swift */; };
		41C7CA181F063142006B51E2 /* PageInfo.swift in Sources */ = {isa = PBXBuildFile; fileRef = 41C7CA171F063142006B51E2 /* PageInfo.swift */; };
		41C7CA1C1F0657C5006B51E2 /* Card.swift in Sources */ = {isa = PBXBuildFile; fileRef = 41C7CA1B1F0657C5006B51E2 /* Card.swift */; };
		41C7CA201F066D2C006B51E2 /* Section.swift in Sources */ = {isa = PBXBuildFile; fileRef = 41C7CA1F1F066D2C006B51E2 /* Section.swift */; };
		41C7CA221F0671AC006B51E2 /* Content.swift in Sources */ = {isa = PBXBuildFile; fileRef = 41C7CA211F0671AC006B51E2 /* Content.swift */; };
		41C7CA241F0676DD006B51E2 /* PageData.swift in Sources */ = {isa = PBXBuildFile; fileRef = 41C7CA231F0676DD006B51E2 /* PageData.swift */; };
		41C7CA261F067A14006B51E2 /* PageContentResponse.swift in Sources */ = {isa = PBXBuildFile; fileRef = 41C7CA251F067A14006B51E2 /* PageContentResponse.swift */; };
		41E726911F0F8B8500D66CF1 /* StreamResponse.swift in Sources */ = {isa = PBXBuildFile; fileRef = 41E726901F0F8B8500D66CF1 /* StreamResponse.swift */; };
		762E06B522B79AAA006F439E /* SearchResponse.swift in Sources */ = {isa = PBXBuildFile; fileRef = 762E06B422B79AAA006F439E /* SearchResponse.swift */; };
		76E4C60622C1F7E3002D76CF /* RecordingFormResponse.swift in Sources */ = {isa = PBXBuildFile; fileRef = 76E4C60522C1F7E3002D76CF /* RecordingFormResponse.swift */; };
		79BF907E22D7450F0088D8B2 /* Array+Extensions.swift in Sources */ = {isa = PBXBuildFile; fileRef = 79BF903C22D7450E0088D8B2 /* Array+Extensions.swift */; };
		79BF907F22D7450F0088D8B2 /* AES.swift in Sources */ = {isa = PBXBuildFile; fileRef = 79BF903D22D7450E0088D8B2 /* AES.swift */; };
		79BF908022D7450F0088D8B2 /* UInt64+Extension.swift in Sources */ = {isa = PBXBuildFile; fileRef = 79BF903E22D7450E0088D8B2 /* UInt64+Extension.swift */; };
		79BF908122D7450F0088D8B2 /* Cryptors.swift in Sources */ = {isa = PBXBuildFile; fileRef = 79BF903F22D7450E0088D8B2 /* Cryptors.swift */; };
		79BF908222D7450F0088D8B2 /* Cipher.swift in Sources */ = {isa = PBXBuildFile; fileRef = 79BF904022D7450E0088D8B2 /* Cipher.swift */; };
		79BF908322D7450F0088D8B2 /* Int+Extension.swift in Sources */ = {isa = PBXBuildFile; fileRef = 79BF904122D7450E0088D8B2 /* Int+Extension.swift */; };
		79BF908422D7450F0088D8B2 /* Bit.swift in Sources */ = {isa = PBXBuildFile; fileRef = 79BF904222D7450E0088D8B2 /* Bit.swift */; };
		79BF908522D7450F0088D8B2 /* HMAC.swift in Sources */ = {isa = PBXBuildFile; fileRef = 79BF904322D7450E0088D8B2 /* HMAC.swift */; };
		79BF908622D7450F0088D8B2 /* UInt16+Extension.swift in Sources */ = {isa = PBXBuildFile; fileRef = 79BF904422D7450E0088D8B2 /* UInt16+Extension.swift */; };
		79BF908722D7450F0088D8B2 /* Collection+Extension.swift in Sources */ = {isa = PBXBuildFile; fileRef = 79BF904522D7450E0088D8B2 /* Collection+Extension.swift */; };
		79BF908822D7450F0088D8B2 /* UInt32+Extension.swift in Sources */ = {isa = PBXBuildFile; fileRef = 79BF904622D7450E0088D8B2 /* UInt32+Extension.swift */; };
		79BF908922D7450F0088D8B2 /* Digest.swift in Sources */ = {isa = PBXBuildFile; fileRef = 79BF904722D7450E0088D8B2 /* Digest.swift */; };
		79BF908A22D7450F0088D8B2 /* NoPadding.swift in Sources */ = {isa = PBXBuildFile; fileRef = 79BF904822D7450E0088D8B2 /* NoPadding.swift */; };
		79BF908B22D7450F0088D8B2 /* String+FoundationExtension.swift in Sources */ = {isa = PBXBuildFile; fileRef = 79BF904A22D7450E0088D8B2 /* String+FoundationExtension.swift */; };
		79BF908C22D7450F0088D8B2 /* Blowfish+Foundation.swift in Sources */ = {isa = PBXBuildFile; fileRef = 79BF904B22D7450E0088D8B2 /* Blowfish+Foundation.swift */; };
		79BF908D22D7450F0088D8B2 /* Utils+Foundation.swift in Sources */ = {isa = PBXBuildFile; fileRef = 79BF904C22D7450E0088D8B2 /* Utils+Foundation.swift */; };
		79BF908E22D7450F0088D8B2 /* HMAC+Foundation.swift in Sources */ = {isa = PBXBuildFile; fileRef = 79BF904D22D7450E0088D8B2 /* HMAC+Foundation.swift */; };
		79BF908F22D7450F0088D8B2 /* Data+Extension.swift in Sources */ = {isa = PBXBuildFile; fileRef = 79BF904E22D7450E0088D8B2 /* Data+Extension.swift */; };
		79BF909022D7450F0088D8B2 /* ChaCha20+Foundation.swift in Sources */ = {isa = PBXBuildFile; fileRef = 79BF904F22D7450E0088D8B2 /* ChaCha20+Foundation.swift */; };
		79BF909122D7450F0088D8B2 /* Array+Foundation.swift in Sources */ = {isa = PBXBuildFile; fileRef = 79BF905022D7450E0088D8B2 /* Array+Foundation.swift */; };
		79BF909222D7450F0088D8B2 /* AES+Foundation.swift in Sources */ = {isa = PBXBuildFile; fileRef = 79BF905122D7450F0088D8B2 /* AES+Foundation.swift */; };
		79BF909322D7450F0088D8B2 /* Rabbit+Foundation.swift in Sources */ = {isa = PBXBuildFile; fileRef = 79BF905222D7450F0088D8B2 /* Rabbit+Foundation.swift */; };
		79BF909422D7450F0088D8B2 /* UInt8+Extension.swift in Sources */ = {isa = PBXBuildFile; fileRef = 79BF905322D7450F0088D8B2 /* UInt8+Extension.swift */; };
		79BF909522D7450F0088D8B2 /* MD5.swift in Sources */ = {isa = PBXBuildFile; fileRef = 79BF905422D7450F0088D8B2 /* MD5.swift */; };
		79BF909622D7450F0088D8B2 /* BatchedCollection.swift in Sources */ = {isa = PBXBuildFile; fileRef = 79BF905522D7450F0088D8B2 /* BatchedCollection.swift */; };
		79BF909722D7450F0088D8B2 /* SecureBytes.swift in Sources */ = {isa = PBXBuildFile; fileRef = 79BF905622D7450F0088D8B2 /* SecureBytes.swift */; };
		79BF909822D7450F0088D8B2 /* ZeroPadding.swift in Sources */ = {isa = PBXBuildFile; fileRef = 79BF905722D7450F0088D8B2 /* ZeroPadding.swift */; };
		79BF909922D7450F0088D8B2 /* String+Extension.swift in Sources */ = {isa = PBXBuildFile; fileRef = 79BF905822D7450F0088D8B2 /* String+Extension.swift */; };
		79BF909A22D7450F0088D8B2 /* Authenticator.swift in Sources */ = {isa = PBXBuildFile; fileRef = 79BF905922D7450F0088D8B2 /* Authenticator.swift */; };
		79BF909B22D7450F0088D8B2 /* SHA3.swift in Sources */ = {isa = PBXBuildFile; fileRef = 79BF905A22D7450F0088D8B2 /* SHA3.swift */; };
		79BF909C22D7450F0088D8B2 /* Operators.swift in Sources */ = {isa = PBXBuildFile; fileRef = 79BF905B22D7450F0088D8B2 /* Operators.swift */; };
		79BF909D22D7450F0088D8B2 /* RandomBytesSequence.swift in Sources */ = {isa = PBXBuildFile; fileRef = 79BF905C22D7450F0088D8B2 /* RandomBytesSequence.swift */; };
		79BF909E22D7450F0088D8B2 /* Rabbit.swift in Sources */ = {isa = PBXBuildFile; fileRef = 79BF905D22D7450F0088D8B2 /* Rabbit.swift */; };
		79BF909F22D7450F0088D8B2 /* SHA1.swift in Sources */ = {isa = PBXBuildFile; fileRef = 79BF905E22D7450F0088D8B2 /* SHA1.swift */; };
		79BF90A022D7450F0088D8B2 /* Poly1305.swift in Sources */ = {isa = PBXBuildFile; fileRef = 79BF905F22D7450F0088D8B2 /* Poly1305.swift */; };
		79BF90A122D7450F0088D8B2 /* BlockCipher.swift in Sources */ = {isa = PBXBuildFile; fileRef = 79BF906022D7450F0088D8B2 /* BlockCipher.swift */; };
		79BF90A222D7450F0088D8B2 /* Updatable.swift in Sources */ = {isa = PBXBuildFile; fileRef = 79BF906122D7450F0088D8B2 /* Updatable.swift */; };
		79BF90A322D7450F0088D8B2 /* Blowfish.swift in Sources */ = {isa = PBXBuildFile; fileRef = 79BF906222D7450F0088D8B2 /* Blowfish.swift */; };
		79BF90A422D7450F0088D8B2 /* DigestType.swift in Sources */ = {isa = PBXBuildFile; fileRef = 79BF906322D7450F0088D8B2 /* DigestType.swift */; };
		79BF90A522D7450F0088D8B2 /* Utils.swift in Sources */ = {isa = PBXBuildFile; fileRef = 79BF906422D7450F0088D8B2 /* Utils.swift */; };
		79BF90A622D7450F0088D8B2 /* Generics.swift in Sources */ = {isa = PBXBuildFile; fileRef = 79BF906522D7450F0088D8B2 /* Generics.swift */; };
		79BF90A722D7450F0088D8B2 /* Checksum.swift in Sources */ = {isa = PBXBuildFile; fileRef = 79BF906622D7450F0088D8B2 /* Checksum.swift */; };
		79BF90A822D7450F0088D8B2 /* RandomAccessCryptor.swift in Sources */ = {isa = PBXBuildFile; fileRef = 79BF906722D7450F0088D8B2 /* RandomAccessCryptor.swift */; };
		79BF90A922D7450F0088D8B2 /* SHA2.swift in Sources */ = {isa = PBXBuildFile; fileRef = 79BF906822D7450F0088D8B2 /* SHA2.swift */; };
		79BF90AA22D7450F0088D8B2 /* Padding.swift in Sources */ = {isa = PBXBuildFile; fileRef = 79BF906922D7450F0088D8B2 /* Padding.swift */; };
		79BF90AB22D7450F0088D8B2 /* PKCS7Padding.swift in Sources */ = {isa = PBXBuildFile; fileRef = 79BF906B22D7450F0088D8B2 /* PKCS7Padding.swift */; };
		79BF90AC22D7450F0088D8B2 /* PKCS5.swift in Sources */ = {isa = PBXBuildFile; fileRef = 79BF906C22D7450F0088D8B2 /* PKCS5.swift */; };
		79BF90AD22D7450F0088D8B2 /* PKCS7.swift in Sources */ = {isa = PBXBuildFile; fileRef = 79BF906D22D7450F0088D8B2 /* PKCS7.swift */; };
		79BF90AE22D7450F0088D8B2 /* PBKDF2.swift in Sources */ = {isa = PBXBuildFile; fileRef = 79BF906E22D7450F0088D8B2 /* PBKDF2.swift */; };
		79BF90AF22D7450F0088D8B2 /* PBKDF1.swift in Sources */ = {isa = PBXBuildFile; fileRef = 79BF906F22D7450F0088D8B2 /* PBKDF1.swift */; };
		79BF90B022D7450F0088D8B2 /* BlockModeOptions.swift in Sources */ = {isa = PBXBuildFile; fileRef = 79BF907122D7450F0088D8B2 /* BlockModeOptions.swift */; };
		79BF90B122D7450F0088D8B2 /* CFB.swift in Sources */ = {isa = PBXBuildFile; fileRef = 79BF907222D7450F0088D8B2 /* CFB.swift */; };
		79BF90B222D7450F0088D8B2 /* CBC.swift in Sources */ = {isa = PBXBuildFile; fileRef = 79BF907322D7450F0088D8B2 /* CBC.swift */; };
		79BF90B322D7450F0088D8B2 /* RandomAccessBlockModeWorker.swift in Sources */ = {isa = PBXBuildFile; fileRef = 79BF907422D7450F0088D8B2 /* RandomAccessBlockModeWorker.swift */; };
		79BF90B422D7450F0088D8B2 /* ECB.swift in Sources */ = {isa = PBXBuildFile; fileRef = 79BF907522D7450F0088D8B2 /* ECB.swift */; };
		79BF90B522D7450F0088D8B2 /* PCBC.swift in Sources */ = {isa = PBXBuildFile; fileRef = 79BF907622D7450F0088D8B2 /* PCBC.swift */; };
		79BF90B622D7450F0088D8B2 /* BlockModeWorker.swift in Sources */ = {isa = PBXBuildFile; fileRef = 79BF907722D7450F0088D8B2 /* BlockModeWorker.swift */; };
		79BF90B722D7450F0088D8B2 /* BlockMode.swift in Sources */ = {isa = PBXBuildFile; fileRef = 79BF907822D7450F0088D8B2 /* BlockMode.swift */; };
		79BF90B822D7450F0088D8B2 /* CTR.swift in Sources */ = {isa = PBXBuildFile; fileRef = 79BF907922D7450F0088D8B2 /* CTR.swift */; };
		79BF90B922D7450F0088D8B2 /* OFB.swift in Sources */ = {isa = PBXBuildFile; fileRef = 79BF907A22D7450F0088D8B2 /* OFB.swift */; };
		79BF90BA22D7450F0088D8B2 /* ChaCha20.swift in Sources */ = {isa = PBXBuildFile; fileRef = 79BF907B22D7450F0088D8B2 /* ChaCha20.swift */; };
		79BF90BC22D7450F0088D8B2 /* Array+Extension.swift in Sources */ = {isa = PBXBuildFile; fileRef = 79BF907D22D7450F0088D8B2 /* Array+Extension.swift */; };
		A776065026BBB236009B8861 /* FeatureResponse.swift in Sources */ = {isa = PBXBuildFile; fileRef = A776064F26BBB236009B8861 /* FeatureResponse.swift */; };
		AE0B49C81F56C5D50006D4B0 /* ShareInfo.swift in Sources */ = {isa = PBXBuildFile; fileRef = AE0B49C71F56C5D50006D4B0 /* ShareInfo.swift */; };
		AE230DC41F66ABC30061C369 /* StreamStatus.swift in Sources */ = {isa = PBXBuildFile; fileRef = AE230DC31F66ABC30061C369 /* StreamStatus.swift */; };
		AE3C0A91206A269A00CA5C3C /* PageButtons.swift in Sources */ = {isa = PBXBuildFile; fileRef = AE3C0A90206A269A00CA5C3C /* PageButtons.swift */; };
		AE4516B820370A1B00074B49 /* PageEventInfo.swift in Sources */ = {isa = PBXBuildFile; fileRef = AE4516B720370A1B00074B49 /* PageEventInfo.swift */; };
		AE4A26711F9F090500597A21 /* LanguageSelectinoAttributes.swift in Sources */ = {isa = PBXBuildFile; fileRef = AE4A26701F9F090500597A21 /* LanguageSelectinoAttributes.swift */; };
		AE8155DF207E39AA00FA8D2B /* TVGuideResponse.swift in Sources */ = {isa = PBXBuildFile; fileRef = AE8155DE207E39AA00FA8D2B /* TVGuideResponse.swift */; };
		AE87F2D02280463B001B3D33 /* TVGuideTemplateResponse.swift in Sources */ = {isa = PBXBuildFile; fileRef = AE87F2CF2280463B001B3D33 /* TVGuideTemplateResponse.swift */; };
		F336C99128BC93B400FF692C /* PlannerResponse.swift in Sources */ = {isa = PBXBuildFile; fileRef = F336C99028BC93B300FF692C /* PlannerResponse.swift */; };
		F3DF509B24EEB604007EFBF9 /* SignupValidateInfo.swift in Sources */ = {isa = PBXBuildFile; fileRef = F3DF509A24EEB604007EFBF9 /* SignupValidateInfo.swift */; };
		F3F645D5244DA6BD0063AC9E /* MyQuestionsPageRespose.swift in Sources */ = {isa = PBXBuildFile; fileRef = F3F645D4244DA6BD0063AC9E /* MyQuestionsPageRespose.swift */; };
/* End PBXBuildFile section */

/* Begin PBXFileReference section */
		410F9E4F1F03CC4200EB54CE /* OTTSdk.framework */ = {isa = PBXFileReference; explicitFileType = wrapper.framework; includeInIndex = 0; path = OTTSdk.framework; sourceTree = BUILT_PRODUCTS_DIR; };
		410F9E521F03CC4300EB54CE /* OTTSdk.h */ = {isa = PBXFileReference; lastKnownFileType = sourcecode.c.h; path = OTTSdk.h; sourceTree = "<group>"; };
		410F9E531F03CC4300EB54CE /* Info.plist */ = {isa = PBXFileReference; lastKnownFileType = text.plist.xml; path = Info.plist; sourceTree = "<group>"; };
		410F9E5B1F03DC6B00EB54CE /* API.swift */ = {isa = PBXFileReference; fileEncoding = 4; lastKnownFileType = sourcecode.swift; path = API.swift; sourceTree = "<group>"; };
		410F9E5D1F03DC6B00EB54CE /* KeychainSwiftDistrib.swift */ = {isa = PBXFileReference; fileEncoding = 4; lastKnownFileType = sourcecode.swift; path = KeychainSwiftDistrib.swift; sourceTree = "<group>"; };
		410F9EAC1F03DC6B00EB54CE /* MediaCatalogManager.swift */ = {isa = PBXFileReference; fileEncoding = 4; lastKnownFileType = sourcecode.swift; path = MediaCatalogManager.swift; sourceTree = "<group>"; };
		410F9EAD1F03DC6B00EB54CE /* PaymentsManager.swift */ = {isa = PBXFileReference; fileEncoding = 4; lastKnownFileType = sourcecode.swift; path = PaymentsManager.swift; sourceTree = "<group>"; };
		410F9EAE1F03DC6B00EB54CE /* PreferenceManager.swift */ = {isa = PBXFileReference; fileEncoding = 4; lastKnownFileType = sourcecode.swift; path = PreferenceManager.swift; sourceTree = "<group>"; };
		410F9EAF1F03DC6B00EB54CE /* StaticContentManager.swift */ = {isa = PBXFileReference; fileEncoding = 4; lastKnownFileType = sourcecode.swift; path = StaticContentManager.swift; sourceTree = "<group>"; };
		410F9EB11F03DC6B00EB54CE /* UserManager.swift */ = {isa = PBXFileReference; fileEncoding = 4; lastKnownFileType = sourcecode.swift; path = UserManager.swift; sourceTree = "<group>"; };
		410F9EB21F03DC6B00EB54CE /* OTTSdk.swift */ = {isa = PBXFileReference; fileEncoding = 4; lastKnownFileType = sourcecode.swift; path = OTTSdk.swift; sourceTree = "<group>"; };
		410F9EB41F03DC6B00EB54CE /* APIConstants.swift */ = {isa = PBXFileReference; fileEncoding = 4; lastKnownFileType = sourcecode.swift; path = APIConstants.swift; sourceTree = "<group>"; };
		410F9EB51F03DC6B00EB54CE /* APILog.swift */ = {isa = PBXFileReference; fileEncoding = 4; lastKnownFileType = sourcecode.swift; path = APILog.swift; sourceTree = "<group>"; };
		410F9EB61F03DC6B00EB54CE /* Utility.swift */ = {isa = PBXFileReference; fileEncoding = 4; lastKnownFileType = sourcecode.swift; path = Utility.swift; sourceTree = "<group>"; };
		411AE5101F18D59B00837C88 /* Device.swift */ = {isa = PBXFileReference; fileEncoding = 4; lastKnownFileType = sourcecode.swift; path = Device.swift; sourceTree = "<group>"; };
		411AE5171F18FA9A00837C88 /* TabsInfo.swift */ = {isa = PBXFileReference; fileEncoding = 4; lastKnownFileType = sourcecode.swift; path = TabsInfo.swift; sourceTree = "<group>"; };
		412C03B21F1CC03B00C361F5 /* Package.swift */ = {isa = PBXFileReference; fileEncoding = 4; lastKnownFileType = sourcecode.swift; path = Package.swift; sourceTree = "<group>"; };
		412DE8691F2239A900C261E1 /* Transaction.swift */ = {isa = PBXFileReference; fileEncoding = 4; lastKnownFileType = sourcecode.swift; path = Transaction.swift; sourceTree = "<group>"; };
		4130E17D1F16039B00892740 /* Language.swift */ = {isa = PBXFileReference; fileEncoding = 4; lastKnownFileType = sourcecode.swift; path = Language.swift; sourceTree = "<group>"; };
		4130E17F1F165B7A00892740 /* Country.swift */ = {isa = PBXFileReference; fileEncoding = 4; lastKnownFileType = sourcecode.swift; path = Country.swift; sourceTree = "<group>"; };
		414894491F04FE250048A31E /* APIError.swift */ = {isa = PBXFileReference; fileEncoding = 4; lastKnownFileType = sourcecode.swift; path = APIError.swift; sourceTree = "<group>"; };
		414894A81F0529050048A31E /* YuppModel.swift */ = {isa = PBXFileReference; fileEncoding = 4; lastKnownFileType = sourcecode.swift; path = YuppModel.swift; sourceTree = "<group>"; };
		414894AA1F0529D20048A31E /* AppManager.swift */ = {isa = PBXFileReference; fileEncoding = 4; lastKnownFileType = sourcecode.swift; path = AppManager.swift; sourceTree = "<group>"; };
		415372741F1F3D0C00626418 /* OTP.swift */ = {isa = PBXFileReference; fileEncoding = 4; lastKnownFileType = sourcecode.swift; path = OTP.swift; sourceTree = "<group>"; };
		415372791F1FA70200626418 /* Filter.swift */ = {isa = PBXFileReference; fileEncoding = 4; lastKnownFileType = sourcecode.swift; path = Filter.swift; sourceTree = "<group>"; };
		4167032E1F0BD9370056E644 /* Banner.swift */ = {isa = PBXFileReference; fileEncoding = 4; lastKnownFileType = sourcecode.swift; path = Banner.swift; sourceTree = "<group>"; };
		416CECFB1F34B9870012489E /* LocationinfoResponse.swift */ = {isa = PBXFileReference; fileEncoding = 4; lastKnownFileType = sourcecode.swift; path = LocationinfoResponse.swift; sourceTree = "<group>"; };
		41C1E2FF1F135F9100CC42AD /* User.swift */ = {isa = PBXFileReference; fileEncoding = 4; lastKnownFileType = sourcecode.swift; path = User.swift; sourceTree = "<group>"; };
		41C7C9E61F0608CA006B51E2 /* Menu.swift */ = {isa = PBXFileReference; fileEncoding = 4; lastKnownFileType = sourcecode.swift; path = Menu.swift; sourceTree = "<group>"; };
		41C7C9E81F060D9D006B51E2 /* ResourceProfile.swift */ = {isa = PBXFileReference; fileEncoding = 4; lastKnownFileType = sourcecode.swift; path = ResourceProfile.swift; sourceTree = "<group>"; };
		41C7C9EB1F060F60006B51E2 /* ConfigResponse.swift */ = {isa = PBXFileReference; fileEncoding = 4; lastKnownFileType = sourcecode.swift; path = ConfigResponse.swift; sourceTree = "<group>"; };
		41C7CA171F063142006B51E2 /* PageInfo.swift */ = {isa = PBXFileReference; fileEncoding = 4; lastKnownFileType = sourcecode.swift; path = PageInfo.swift; sourceTree = "<group>"; };
		41C7CA1B1F0657C5006B51E2 /* Card.swift */ = {isa = PBXFileReference; fileEncoding = 4; lastKnownFileType = sourcecode.swift; path = Card.swift; sourceTree = "<group>"; };
		41C7CA1F1F066D2C006B51E2 /* Section.swift */ = {isa = PBXFileReference; fileEncoding = 4; lastKnownFileType = sourcecode.swift; path = Section.swift; sourceTree = "<group>"; };
		41C7CA211F0671AC006B51E2 /* Content.swift */ = {isa = PBXFileReference; fileEncoding = 4; lastKnownFileType = sourcecode.swift; path = Content.swift; sourceTree = "<group>"; };
		41C7CA231F0676DD006B51E2 /* PageData.swift */ = {isa = PBXFileReference; fileEncoding = 4; lastKnownFileType = sourcecode.swift; path = PageData.swift; sourceTree = "<group>"; };
		41C7CA251F067A14006B51E2 /* PageContentResponse.swift */ = {isa = PBXFileReference; fileEncoding = 4; lastKnownFileType = sourcecode.swift; path = PageContentResponse.swift; sourceTree = "<group>"; };
		41E726901F0F8B8500D66CF1 /* StreamResponse.swift */ = {isa = PBXFileReference; fileEncoding = 4; lastKnownFileType = sourcecode.swift; path = StreamResponse.swift; sourceTree = "<group>"; };
		762E06B422B79AAA006F439E /* SearchResponse.swift */ = {isa = PBXFileReference; lastKnownFileType = sourcecode.swift; path = SearchResponse.swift; sourceTree = "<group>"; };
		76E4C60522C1F7E3002D76CF /* RecordingFormResponse.swift */ = {isa = PBXFileReference; lastKnownFileType = sourcecode.swift; path = RecordingFormResponse.swift; sourceTree = "<group>"; };
		79BF903C22D7450E0088D8B2 /* Array+Extensions.swift */ = {isa = PBXFileReference; fileEncoding = 4; lastKnownFileType = sourcecode.swift; path = "Array+Extensions.swift"; sourceTree = "<group>"; };
		79BF903D22D7450E0088D8B2 /* AES.swift */ = {isa = PBXFileReference; fileEncoding = 4; lastKnownFileType = sourcecode.swift; path = AES.swift; sourceTree = "<group>"; };
		79BF903E22D7450E0088D8B2 /* UInt64+Extension.swift */ = {isa = PBXFileReference; fileEncoding = 4; lastKnownFileType = sourcecode.swift; path = "UInt64+Extension.swift"; sourceTree = "<group>"; };
		79BF903F22D7450E0088D8B2 /* Cryptors.swift */ = {isa = PBXFileReference; fileEncoding = 4; lastKnownFileType = sourcecode.swift; path = Cryptors.swift; sourceTree = "<group>"; };
		79BF904022D7450E0088D8B2 /* Cipher.swift */ = {isa = PBXFileReference; fileEncoding = 4; lastKnownFileType = sourcecode.swift; path = Cipher.swift; sourceTree = "<group>"; };
		79BF904122D7450E0088D8B2 /* Int+Extension.swift */ = {isa = PBXFileReference; fileEncoding = 4; lastKnownFileType = sourcecode.swift; path = "Int+Extension.swift"; sourceTree = "<group>"; };
		79BF904222D7450E0088D8B2 /* Bit.swift */ = {isa = PBXFileReference; fileEncoding = 4; lastKnownFileType = sourcecode.swift; path = Bit.swift; sourceTree = "<group>"; };
		79BF904322D7450E0088D8B2 /* HMAC.swift */ = {isa = PBXFileReference; fileEncoding = 4; lastKnownFileType = sourcecode.swift; path = HMAC.swift; sourceTree = "<group>"; };
		79BF904422D7450E0088D8B2 /* UInt16+Extension.swift */ = {isa = PBXFileReference; fileEncoding = 4; lastKnownFileType = sourcecode.swift; path = "UInt16+Extension.swift"; sourceTree = "<group>"; };
		79BF904522D7450E0088D8B2 /* Collection+Extension.swift */ = {isa = PBXFileReference; fileEncoding = 4; lastKnownFileType = sourcecode.swift; path = "Collection+Extension.swift"; sourceTree = "<group>"; };
		79BF904622D7450E0088D8B2 /* UInt32+Extension.swift */ = {isa = PBXFileReference; fileEncoding = 4; lastKnownFileType = sourcecode.swift; path = "UInt32+Extension.swift"; sourceTree = "<group>"; };
		79BF904722D7450E0088D8B2 /* Digest.swift */ = {isa = PBXFileReference; fileEncoding = 4; lastKnownFileType = sourcecode.swift; path = Digest.swift; sourceTree = "<group>"; };
		79BF904822D7450E0088D8B2 /* NoPadding.swift */ = {isa = PBXFileReference; fileEncoding = 4; lastKnownFileType = sourcecode.swift; path = NoPadding.swift; sourceTree = "<group>"; };
		79BF904A22D7450E0088D8B2 /* String+FoundationExtension.swift */ = {isa = PBXFileReference; fileEncoding = 4; lastKnownFileType = sourcecode.swift; path = "String+FoundationExtension.swift"; sourceTree = "<group>"; };
		79BF904B22D7450E0088D8B2 /* Blowfish+Foundation.swift */ = {isa = PBXFileReference; fileEncoding = 4; lastKnownFileType = sourcecode.swift; path = "Blowfish+Foundation.swift"; sourceTree = "<group>"; };
		79BF904C22D7450E0088D8B2 /* Utils+Foundation.swift */ = {isa = PBXFileReference; fileEncoding = 4; lastKnownFileType = sourcecode.swift; path = "Utils+Foundation.swift"; sourceTree = "<group>"; };
		79BF904D22D7450E0088D8B2 /* HMAC+Foundation.swift */ = {isa = PBXFileReference; fileEncoding = 4; lastKnownFileType = sourcecode.swift; path = "HMAC+Foundation.swift"; sourceTree = "<group>"; };
		79BF904E22D7450E0088D8B2 /* Data+Extension.swift */ = {isa = PBXFileReference; fileEncoding = 4; lastKnownFileType = sourcecode.swift; path = "Data+Extension.swift"; sourceTree = "<group>"; };
		79BF904F22D7450E0088D8B2 /* ChaCha20+Foundation.swift */ = {isa = PBXFileReference; fileEncoding = 4; lastKnownFileType = sourcecode.swift; path = "ChaCha20+Foundation.swift"; sourceTree = "<group>"; };
		79BF905022D7450E0088D8B2 /* Array+Foundation.swift */ = {isa = PBXFileReference; fileEncoding = 4; lastKnownFileType = sourcecode.swift; path = "Array+Foundation.swift"; sourceTree = "<group>"; };
		79BF905122D7450F0088D8B2 /* AES+Foundation.swift */ = {isa = PBXFileReference; fileEncoding = 4; lastKnownFileType = sourcecode.swift; path = "AES+Foundation.swift"; sourceTree = "<group>"; };
		79BF905222D7450F0088D8B2 /* Rabbit+Foundation.swift */ = {isa = PBXFileReference; fileEncoding = 4; lastKnownFileType = sourcecode.swift; path = "Rabbit+Foundation.swift"; sourceTree = "<group>"; };
		79BF905322D7450F0088D8B2 /* UInt8+Extension.swift */ = {isa = PBXFileReference; fileEncoding = 4; lastKnownFileType = sourcecode.swift; path = "UInt8+Extension.swift"; sourceTree = "<group>"; };
		79BF905422D7450F0088D8B2 /* MD5.swift */ = {isa = PBXFileReference; fileEncoding = 4; lastKnownFileType = sourcecode.swift; path = MD5.swift; sourceTree = "<group>"; };
		79BF905522D7450F0088D8B2 /* BatchedCollection.swift */ = {isa = PBXFileReference; fileEncoding = 4; lastKnownFileType = sourcecode.swift; path = BatchedCollection.swift; sourceTree = "<group>"; };
		79BF905622D7450F0088D8B2 /* SecureBytes.swift */ = {isa = PBXFileReference; fileEncoding = 4; lastKnownFileType = sourcecode.swift; path = SecureBytes.swift; sourceTree = "<group>"; };
		79BF905722D7450F0088D8B2 /* ZeroPadding.swift */ = {isa = PBXFileReference; fileEncoding = 4; lastKnownFileType = sourcecode.swift; path = ZeroPadding.swift; sourceTree = "<group>"; };
		79BF905822D7450F0088D8B2 /* String+Extension.swift */ = {isa = PBXFileReference; fileEncoding = 4; lastKnownFileType = sourcecode.swift; path = "String+Extension.swift"; sourceTree = "<group>"; };
		79BF905922D7450F0088D8B2 /* Authenticator.swift */ = {isa = PBXFileReference; fileEncoding = 4; lastKnownFileType = sourcecode.swift; path = Authenticator.swift; sourceTree = "<group>"; };
		79BF905A22D7450F0088D8B2 /* SHA3.swift */ = {isa = PBXFileReference; fileEncoding = 4; lastKnownFileType = sourcecode.swift; path = SHA3.swift; sourceTree = "<group>"; };
		79BF905B22D7450F0088D8B2 /* Operators.swift */ = {isa = PBXFileReference; fileEncoding = 4; lastKnownFileType = sourcecode.swift; path = Operators.swift; sourceTree = "<group>"; };
		79BF905C22D7450F0088D8B2 /* RandomBytesSequence.swift */ = {isa = PBXFileReference; fileEncoding = 4; lastKnownFileType = sourcecode.swift; path = RandomBytesSequence.swift; sourceTree = "<group>"; };
		79BF905D22D7450F0088D8B2 /* Rabbit.swift */ = {isa = PBXFileReference; fileEncoding = 4; lastKnownFileType = sourcecode.swift; path = Rabbit.swift; sourceTree = "<group>"; };
		79BF905E22D7450F0088D8B2 /* SHA1.swift */ = {isa = PBXFileReference; fileEncoding = 4; lastKnownFileType = sourcecode.swift; path = SHA1.swift; sourceTree = "<group>"; };
		79BF905F22D7450F0088D8B2 /* Poly1305.swift */ = {isa = PBXFileReference; fileEncoding = 4; lastKnownFileType = sourcecode.swift; path = Poly1305.swift; sourceTree = "<group>"; };
		79BF906022D7450F0088D8B2 /* BlockCipher.swift */ = {isa = PBXFileReference; fileEncoding = 4; lastKnownFileType = sourcecode.swift; path = BlockCipher.swift; sourceTree = "<group>"; };
		79BF906122D7450F0088D8B2 /* Updatable.swift */ = {isa = PBXFileReference; fileEncoding = 4; lastKnownFileType = sourcecode.swift; path = Updatable.swift; sourceTree = "<group>"; };
		79BF906222D7450F0088D8B2 /* Blowfish.swift */ = {isa = PBXFileReference; fileEncoding = 4; lastKnownFileType = sourcecode.swift; path = Blowfish.swift; sourceTree = "<group>"; };
		79BF906322D7450F0088D8B2 /* DigestType.swift */ = {isa = PBXFileReference; fileEncoding = 4; lastKnownFileType = sourcecode.swift; path = DigestType.swift; sourceTree = "<group>"; };
		79BF906422D7450F0088D8B2 /* Utils.swift */ = {isa = PBXFileReference; fileEncoding = 4; lastKnownFileType = sourcecode.swift; path = Utils.swift; sourceTree = "<group>"; };
		79BF906522D7450F0088D8B2 /* Generics.swift */ = {isa = PBXFileReference; fileEncoding = 4; lastKnownFileType = sourcecode.swift; path = Generics.swift; sourceTree = "<group>"; };
		79BF906622D7450F0088D8B2 /* Checksum.swift */ = {isa = PBXFileReference; fileEncoding = 4; lastKnownFileType = sourcecode.swift; path = Checksum.swift; sourceTree = "<group>"; };
		79BF906722D7450F0088D8B2 /* RandomAccessCryptor.swift */ = {isa = PBXFileReference; fileEncoding = 4; lastKnownFileType = sourcecode.swift; path = RandomAccessCryptor.swift; sourceTree = "<group>"; };
		79BF906822D7450F0088D8B2 /* SHA2.swift */ = {isa = PBXFileReference; fileEncoding = 4; lastKnownFileType = sourcecode.swift; path = SHA2.swift; sourceTree = "<group>"; };
		79BF906922D7450F0088D8B2 /* Padding.swift */ = {isa = PBXFileReference; fileEncoding = 4; lastKnownFileType = sourcecode.swift; path = Padding.swift; sourceTree = "<group>"; };
		79BF906B22D7450F0088D8B2 /* PKCS7Padding.swift */ = {isa = PBXFileReference; fileEncoding = 4; lastKnownFileType = sourcecode.swift; path = PKCS7Padding.swift; sourceTree = "<group>"; };
		79BF906C22D7450F0088D8B2 /* PKCS5.swift */ = {isa = PBXFileReference; fileEncoding = 4; lastKnownFileType = sourcecode.swift; path = PKCS5.swift; sourceTree = "<group>"; };
		79BF906D22D7450F0088D8B2 /* PKCS7.swift */ = {isa = PBXFileReference; fileEncoding = 4; lastKnownFileType = sourcecode.swift; path = PKCS7.swift; sourceTree = "<group>"; };
		79BF906E22D7450F0088D8B2 /* PBKDF2.swift */ = {isa = PBXFileReference; fileEncoding = 4; lastKnownFileType = sourcecode.swift; path = PBKDF2.swift; sourceTree = "<group>"; };
		79BF906F22D7450F0088D8B2 /* PBKDF1.swift */ = {isa = PBXFileReference; fileEncoding = 4; lastKnownFileType = sourcecode.swift; path = PBKDF1.swift; sourceTree = "<group>"; };
		79BF907122D7450F0088D8B2 /* BlockModeOptions.swift */ = {isa = PBXFileReference; fileEncoding = 4; lastKnownFileType = sourcecode.swift; path = BlockModeOptions.swift; sourceTree = "<group>"; };
		79BF907222D7450F0088D8B2 /* CFB.swift */ = {isa = PBXFileReference; fileEncoding = 4; lastKnownFileType = sourcecode.swift; path = CFB.swift; sourceTree = "<group>"; };
		79BF907322D7450F0088D8B2 /* CBC.swift */ = {isa = PBXFileReference; fileEncoding = 4; lastKnownFileType = sourcecode.swift; path = CBC.swift; sourceTree = "<group>"; };
		79BF907422D7450F0088D8B2 /* RandomAccessBlockModeWorker.swift */ = {isa = PBXFileReference; fileEncoding = 4; lastKnownFileType = sourcecode.swift; path = RandomAccessBlockModeWorker.swift; sourceTree = "<group>"; };
		79BF907522D7450F0088D8B2 /* ECB.swift */ = {isa = PBXFileReference; fileEncoding = 4; lastKnownFileType = sourcecode.swift; path = ECB.swift; sourceTree = "<group>"; };
		79BF907622D7450F0088D8B2 /* PCBC.swift */ = {isa = PBXFileReference; fileEncoding = 4; lastKnownFileType = sourcecode.swift; path = PCBC.swift; sourceTree = "<group>"; };
		79BF907722D7450F0088D8B2 /* BlockModeWorker.swift */ = {isa = PBXFileReference; fileEncoding = 4; lastKnownFileType = sourcecode.swift; path = BlockModeWorker.swift; sourceTree = "<group>"; };
		79BF907822D7450F0088D8B2 /* BlockMode.swift */ = {isa = PBXFileReference; fileEncoding = 4; lastKnownFileType = sourcecode.swift; path = BlockMode.swift; sourceTree = "<group>"; };
		79BF907922D7450F0088D8B2 /* CTR.swift */ = {isa = PBXFileReference; fileEncoding = 4; lastKnownFileType = sourcecode.swift; path = CTR.swift; sourceTree = "<group>"; };
		79BF907A22D7450F0088D8B2 /* OFB.swift */ = {isa = PBXFileReference; fileEncoding = 4; lastKnownFileType = sourcecode.swift; path = OFB.swift; sourceTree = "<group>"; };
		79BF907B22D7450F0088D8B2 /* ChaCha20.swift */ = {isa = PBXFileReference; fileEncoding = 4; lastKnownFileType = sourcecode.swift; path = ChaCha20.swift; sourceTree = "<group>"; };
		79BF907D22D7450F0088D8B2 /* Array+Extension.swift */ = {isa = PBXFileReference; fileEncoding = 4; lastKnownFileType = sourcecode.swift; path = "Array+Extension.swift"; sourceTree = "<group>"; };
		A776064F26BBB236009B8861 /* FeatureResponse.swift */ = {isa = PBXFileReference; fileEncoding = 4; lastKnownFileType = sourcecode.swift; path = FeatureResponse.swift; sourceTree = "<group>"; };
		AE0B49C71F56C5D50006D4B0 /* ShareInfo.swift */ = {isa = PBXFileReference; fileEncoding = 4; lastKnownFileType = sourcecode.swift; path = ShareInfo.swift; sourceTree = "<group>"; };
		AE230DC31F66ABC30061C369 /* StreamStatus.swift */ = {isa = PBXFileReference; fileEncoding = 4; lastKnownFileType = sourcecode.swift; path = StreamStatus.swift; sourceTree = "<group>"; };
		AE3C0A90206A269A00CA5C3C /* PageButtons.swift */ = {isa = PBXFileReference; fileEncoding = 4; lastKnownFileType = sourcecode.swift; path = PageButtons.swift; sourceTree = "<group>"; };
		AE4516B720370A1B00074B49 /* PageEventInfo.swift */ = {isa = PBXFileReference; lastKnownFileType = sourcecode.swift; path = PageEventInfo.swift; sourceTree = "<group>"; };
		AE4A26701F9F090500597A21 /* LanguageSelectinoAttributes.swift */ = {isa = PBXFileReference; lastKnownFileType = sourcecode.swift; path = LanguageSelectinoAttributes.swift; sourceTree = "<group>"; };
		AE8155DE207E39AA00FA8D2B /* TVGuideResponse.swift */ = {isa = PBXFileReference; fileEncoding = 4; lastKnownFileType = sourcecode.swift; path = TVGuideResponse.swift; sourceTree = "<group>"; };
		AE87F2CF2280463B001B3D33 /* TVGuideTemplateResponse.swift */ = {isa = PBXFileReference; lastKnownFileType = sourcecode.swift; path = TVGuideTemplateResponse.swift; sourceTree = "<group>"; };
		F336C99028BC93B300FF692C /* PlannerResponse.swift */ = {isa = PBXFileReference; fileEncoding = 4; lastKnownFileType = sourcecode.swift; path = PlannerResponse.swift; sourceTree = "<group>"; };
		F3DF509A24EEB604007EFBF9 /* SignupValidateInfo.swift */ = {isa = PBXFileReference; lastKnownFileType = sourcecode.swift; path = SignupValidateInfo.swift; sourceTree = "<group>"; };
		F3F645D4244DA6BD0063AC9E /* MyQuestionsPageRespose.swift */ = {isa = PBXFileReference; lastKnownFileType = sourcecode.swift; path = MyQuestionsPageRespose.swift; sourceTree = "<group>"; };
/* End PBXFileReference section */

/* Begin PBXFrameworksBuildPhase section */
		410F9E4B1F03CC4200EB54CE /* Frameworks */ = {
			isa = PBXFrameworksBuildPhase;
			buildActionMask = 2147483647;
			files = (
			);
			runOnlyForDeploymentPostprocessing = 0;
		};
/* End PBXFrameworksBuildPhase section */

/* Begin PBXGroup section */
		410F9E451F03CC4200EB54CE = {
			isa = PBXGroup;
			children = (
				410F9E511F03CC4200EB54CE /* OTTSdk */,
				410F9E501F03CC4200EB54CE /* Products */,
			);
			sourceTree = "<group>";
		};
		410F9E501F03CC4200EB54CE /* Products */ = {
			isa = PBXGroup;
			children = (
				410F9E4F1F03CC4200EB54CE /* OTTSdk.framework */,
			);
			name = Products;
			sourceTree = "<group>";
		};
		410F9E511F03CC4200EB54CE /* OTTSdk */ = {
			isa = PBXGroup;
			children = (
				410F9EAB1F03DC6B00EB54CE /* SDKClasses */,
				410F9E5A1F03DC6B00EB54CE /* APIClasses */,
				410F9E5C1F03DC6B00EB54CE /* ExternalLibraries */,
				410F9E5E1F03DC6B00EB54CE /* Model */,
				410F9EB31F03DC6B00EB54CE /* UtilityClasses */,
				410F9E521F03CC4300EB54CE /* OTTSdk.h */,
				410F9E531F03CC4300EB54CE /* Info.plist */,
			);
			path = OTTSdk;
			sourceTree = "<group>";
		};
		410F9E5A1F03DC6B00EB54CE /* APIClasses */ = {
			isa = PBXGroup;
			children = (
				410F9E5B1F03DC6B00EB54CE /* API.swift */,
			);
			path = APIClasses;
			sourceTree = "<group>";
		};
		410F9E5C1F03DC6B00EB54CE /* ExternalLibraries */ = {
			isa = PBXGroup;
			children = (
				79BF903B22D7450E0088D8B2 /* CryptoSwift */,
				410F9E5D1F03DC6B00EB54CE /* KeychainSwiftDistrib.swift */,
			);
			path = ExternalLibraries;
			sourceTree = "<group>";
		};
		410F9E5E1F03DC6B00EB54CE /* Model */ = {
			isa = PBXGroup;
			children = (
				41C7C9EA1F060F3E006B51E2 /* ResponseModel */,
				414894481F04FE250048A31E /* GlobalModel */,
				41C7C9E51F0608A9006B51E2 /* AppModel */,
			);
			path = Model;
			sourceTree = "<group>";
		};
		410F9EAB1F03DC6B00EB54CE /* SDKClasses */ = {
			isa = PBXGroup;
			children = (
				410F9EB21F03DC6B00EB54CE /* OTTSdk.swift */,
				414894AA1F0529D20048A31E /* AppManager.swift */,
				410F9EAE1F03DC6B00EB54CE /* PreferenceManager.swift */,
				410F9EAC1F03DC6B00EB54CE /* MediaCatalogManager.swift */,
				410F9EB11F03DC6B00EB54CE /* UserManager.swift */,
				410F9EAD1F03DC6B00EB54CE /* PaymentsManager.swift */,
				410F9EAF1F03DC6B00EB54CE /* StaticContentManager.swift */,
			);
			path = SDKClasses;
			sourceTree = "<group>";
		};
		410F9EB31F03DC6B00EB54CE /* UtilityClasses */ = {
			isa = PBXGroup;
			children = (
				410F9EB41F03DC6B00EB54CE /* APIConstants.swift */,
				410F9EB51F03DC6B00EB54CE /* APILog.swift */,
				410F9EB61F03DC6B00EB54CE /* Utility.swift */,
			);
			path = UtilityClasses;
			sourceTree = "<group>";
		};
		414894481F04FE250048A31E /* GlobalModel */ = {
			isa = PBXGroup;
			children = (
				AE3C0A90206A269A00CA5C3C /* PageButtons.swift */,
				F3DF509A24EEB604007EFBF9 /* SignupValidateInfo.swift */,
				414894A81F0529050048A31E /* YuppModel.swift */,
				414894491F04FE250048A31E /* APIError.swift */,
				41C7CA171F063142006B51E2 /* PageInfo.swift */,
				41C7CA1B1F0657C5006B51E2 /* Card.swift */,
				41C7CA231F0676DD006B51E2 /* PageData.swift */,
				41C7CA1F1F066D2C006B51E2 /* Section.swift */,
				41C7CA211F0671AC006B51E2 /* Content.swift */,
				4167032E1F0BD9370056E644 /* Banner.swift */,
				41C1E2FF1F135F9100CC42AD /* User.swift */,
				4130E17D1F16039B00892740 /* Language.swift */,
				4130E17F1F165B7A00892740 /* Country.swift */,
				411AE5101F18D59B00837C88 /* Device.swift */,
				411AE5171F18FA9A00837C88 /* TabsInfo.swift */,
				412C03B21F1CC03B00C361F5 /* Package.swift */,
				415372741F1F3D0C00626418 /* OTP.swift */,
				415372791F1FA70200626418 /* Filter.swift */,
				412DE8691F2239A900C261E1 /* Transaction.swift */,
				AE0B49C71F56C5D50006D4B0 /* ShareInfo.swift */,
				AE230DC31F66ABC30061C369 /* StreamStatus.swift */,
				AE4516B720370A1B00074B49 /* PageEventInfo.swift */,
			);
			path = GlobalModel;
			sourceTree = "<group>";
		};
		41C7C9E51F0608A9006B51E2 /* AppModel */ = {
			isa = PBXGroup;
			children = (
				41C7C9E61F0608CA006B51E2 /* Menu.swift */,
				41C7C9E81F060D9D006B51E2 /* ResourceProfile.swift */,
			);
			path = AppModel;
			sourceTree = "<group>";
		};
		41C7C9EA1F060F3E006B51E2 /* ResponseModel */ = {
			isa = PBXGroup;
			children = (
				AE8155DE207E39AA00FA8D2B /* TVGuideResponse.swift */,
				41C7C9EB1F060F60006B51E2 /* ConfigResponse.swift */,
				41C7CA251F067A14006B51E2 /* PageContentResponse.swift */,
				41E726901F0F8B8500D66CF1 /* StreamResponse.swift */,
				416CECFB1F34B9870012489E /* LocationinfoResponse.swift */,
				AE4A26701F9F090500597A21 /* LanguageSelectinoAttributes.swift */,
				AE87F2CF2280463B001B3D33 /* TVGuideTemplateResponse.swift */,
				762E06B422B79AAA006F439E /* SearchResponse.swift */,
				A776064F26BBB236009B8861 /* FeatureResponse.swift */,
				76E4C60522C1F7E3002D76CF /* RecordingFormResponse.swift */,
				F3F645D4244DA6BD0063AC9E /* MyQuestionsPageRespose.swift */,
				F336C99028BC93B300FF692C /* PlannerResponse.swift */,
			);
			path = ResponseModel;
			sourceTree = "<group>";
		};
		79BF903B22D7450E0088D8B2 /* CryptoSwift */ = {
			isa = PBXGroup;
			children = (
				79BF903C22D7450E0088D8B2 /* Array+Extensions.swift */,
				79BF903D22D7450E0088D8B2 /* AES.swift */,
				79BF903E22D7450E0088D8B2 /* UInt64+Extension.swift */,
				79BF903F22D7450E0088D8B2 /* Cryptors.swift */,
				79BF904022D7450E0088D8B2 /* Cipher.swift */,
				79BF904122D7450E0088D8B2 /* Int+Extension.swift */,
				79BF904222D7450E0088D8B2 /* Bit.swift */,
				79BF904322D7450E0088D8B2 /* HMAC.swift */,
				79BF904422D7450E0088D8B2 /* UInt16+Extension.swift */,
				79BF904522D7450E0088D8B2 /* Collection+Extension.swift */,
				79BF904622D7450E0088D8B2 /* UInt32+Extension.swift */,
				79BF904722D7450E0088D8B2 /* Digest.swift */,
				79BF904822D7450E0088D8B2 /* NoPadding.swift */,
				79BF904922D7450E0088D8B2 /* Foundation */,
				79BF905322D7450F0088D8B2 /* UInt8+Extension.swift */,
				79BF905422D7450F0088D8B2 /* MD5.swift */,
				79BF905522D7450F0088D8B2 /* BatchedCollection.swift */,
				79BF905622D7450F0088D8B2 /* SecureBytes.swift */,
				79BF905722D7450F0088D8B2 /* ZeroPadding.swift */,
				79BF905822D7450F0088D8B2 /* String+Extension.swift */,
				79BF905922D7450F0088D8B2 /* Authenticator.swift */,
				79BF905A22D7450F0088D8B2 /* SHA3.swift */,
				79BF905B22D7450F0088D8B2 /* Operators.swift */,
				79BF905C22D7450F0088D8B2 /* RandomBytesSequence.swift */,
				79BF905D22D7450F0088D8B2 /* Rabbit.swift */,
				79BF905E22D7450F0088D8B2 /* SHA1.swift */,
				79BF905F22D7450F0088D8B2 /* Poly1305.swift */,
				79BF906022D7450F0088D8B2 /* BlockCipher.swift */,
				79BF906122D7450F0088D8B2 /* Updatable.swift */,
				79BF906222D7450F0088D8B2 /* Blowfish.swift */,
				79BF906322D7450F0088D8B2 /* DigestType.swift */,
				79BF906422D7450F0088D8B2 /* Utils.swift */,
				79BF906522D7450F0088D8B2 /* Generics.swift */,
				79BF906622D7450F0088D8B2 /* Checksum.swift */,
				79BF906722D7450F0088D8B2 /* RandomAccessCryptor.swift */,
				79BF906822D7450F0088D8B2 /* SHA2.swift */,
				79BF906922D7450F0088D8B2 /* Padding.swift */,
				79BF906A22D7450F0088D8B2 /* PKCS */,
				79BF907022D7450F0088D8B2 /* BlockMode */,
				79BF907B22D7450F0088D8B2 /* ChaCha20.swift */,
				79BF907D22D7450F0088D8B2 /* Array+Extension.swift */,
			);
			path = CryptoSwift;
			sourceTree = "<group>";
		};
		79BF904922D7450E0088D8B2 /* Foundation */ = {
			isa = PBXGroup;
			children = (
				79BF904A22D7450E0088D8B2 /* String+FoundationExtension.swift */,
				79BF904B22D7450E0088D8B2 /* Blowfish+Foundation.swift */,
				79BF904C22D7450E0088D8B2 /* Utils+Foundation.swift */,
				79BF904D22D7450E0088D8B2 /* HMAC+Foundation.swift */,
				79BF904E22D7450E0088D8B2 /* Data+Extension.swift */,
				79BF904F22D7450E0088D8B2 /* ChaCha20+Foundation.swift */,
				79BF905022D7450E0088D8B2 /* Array+Foundation.swift */,
				79BF905122D7450F0088D8B2 /* AES+Foundation.swift */,
				79BF905222D7450F0088D8B2 /* Rabbit+Foundation.swift */,
			);
			path = Foundation;
			sourceTree = "<group>";
		};
		79BF906A22D7450F0088D8B2 /* PKCS */ = {
			isa = PBXGroup;
			children = (
				79BF906B22D7450F0088D8B2 /* PKCS7Padding.swift */,
				79BF906C22D7450F0088D8B2 /* PKCS5.swift */,
				79BF906D22D7450F0088D8B2 /* PKCS7.swift */,
				79BF906E22D7450F0088D8B2 /* PBKDF2.swift */,
				79BF906F22D7450F0088D8B2 /* PBKDF1.swift */,
			);
			path = PKCS;
			sourceTree = "<group>";
		};
		79BF907022D7450F0088D8B2 /* BlockMode */ = {
			isa = PBXGroup;
			children = (
				79BF907122D7450F0088D8B2 /* BlockModeOptions.swift */,
				79BF907222D7450F0088D8B2 /* CFB.swift */,
				79BF907322D7450F0088D8B2 /* CBC.swift */,
				79BF907422D7450F0088D8B2 /* RandomAccessBlockModeWorker.swift */,
				79BF907522D7450F0088D8B2 /* ECB.swift */,
				79BF907622D7450F0088D8B2 /* PCBC.swift */,
				79BF907722D7450F0088D8B2 /* BlockModeWorker.swift */,
				79BF907822D7450F0088D8B2 /* BlockMode.swift */,
				79BF907922D7450F0088D8B2 /* CTR.swift */,
				79BF907A22D7450F0088D8B2 /* OFB.swift */,
			);
			path = BlockMode;
			sourceTree = "<group>";
		};
/* End PBXGroup section */

/* Begin PBXHeadersBuildPhase section */
		410F9E4C1F03CC4200EB54CE /* Headers */ = {
			isa = PBXHeadersBuildPhase;
			buildActionMask = 2147483647;
			files = (
				410F9E541F03CC4300EB54CE /* OTTSdk.h in Headers */,
			);
			runOnlyForDeploymentPostprocessing = 0;
		};
/* End PBXHeadersBuildPhase section */

/* Begin PBXNativeTarget section */
		410F9E4E1F03CC4200EB54CE /* OTTSdk */ = {
			isa = PBXNativeTarget;
			buildConfigurationList = 410F9E571F03CC4300EB54CE /* Build configuration list for PBXNativeTarget "OTTSdk" */;
			buildPhases = (
				410F9E4A1F03CC4200EB54CE /* Sources */,
				410F9E4B1F03CC4200EB54CE /* Frameworks */,
				410F9E4C1F03CC4200EB54CE /* Headers */,
				410F9E4D1F03CC4200EB54CE /* Resources */,
			);
			buildRules = (
			);
			dependencies = (
			);
			name = OTTSdk;
			productName = OTTSdk;
			productReference = 410F9E4F1F03CC4200EB54CE /* OTTSdk.framework */;
			productType = "com.apple.product-type.framework";
		};
/* End PBXNativeTarget section */

/* Begin PBXProject section */
		410F9E461F03CC4200EB54CE /* Project object */ = {
			isa = PBXProject;
			attributes = {
				LastUpgradeCheck = 1100;
				ORGANIZATIONNAME = YuppTV;
				TargetAttributes = {
					410F9E4E1F03CC4200EB54CE = {
						CreatedOnToolsVersion = 8.3.3;
						ProvisioningStyle = Manual;
					};
				};
			};
			buildConfigurationList = 410F9E491F03CC4200EB54CE /* Build configuration list for PBXProject "OTTSdk" */;
			compatibilityVersion = "Xcode 3.2";
			developmentRegion = en;
			hasScannedForEncodings = 0;
			knownRegions = (
				en,
				Base,
			);
			mainGroup = 410F9E451F03CC4200EB54CE;
			productRefGroup = 410F9E501F03CC4200EB54CE /* Products */;
			projectDirPath = "";
			projectRoot = "";
			targets = (
				410F9E4E1F03CC4200EB54CE /* OTTSdk */,
			);
		};
/* End PBXProject section */

/* Begin PBXResourcesBuildPhase section */
		410F9E4D1F03CC4200EB54CE /* Resources */ = {
			isa = PBXResourcesBuildPhase;
			buildActionMask = 2147483647;
			files = (
			);
			runOnlyForDeploymentPostprocessing = 0;
		};
/* End PBXResourcesBuildPhase section */

/* Begin PBXSourcesBuildPhase section */
		410F9E4A1F03CC4200EB54CE /* Sources */ = {
			isa = PBXSourcesBuildPhase;
			buildActionMask = 2147483647;
			files = (
				79BF90A422D7450F0088D8B2 /* DigestType.swift in Sources */,
				79BF90B422D7450F0088D8B2 /* ECB.swift in Sources */,
				4130E1801F165B7A00892740 /* Country.swift in Sources */,
				79BF907E22D7450F0088D8B2 /* Array+Extensions.swift in Sources */,
				79BF90A122D7450F0088D8B2 /* BlockCipher.swift in Sources */,
				79BF90A222D7450F0088D8B2 /* Updatable.swift in Sources */,
				410F9F051F03DC6B00EB54CE /* OTTSdk.swift in Sources */,
				79BF909E22D7450F0088D8B2 /* Rabbit.swift in Sources */,
				79BF90B722D7450F0088D8B2 /* BlockMode.swift in Sources */,
				AE8155DF207E39AA00FA8D2B /* TVGuideResponse.swift in Sources */,
				410F9F011F03DC6B00EB54CE /* PreferenceManager.swift in Sources */,
				F336C99128BC93B400FF692C /* PlannerResponse.swift in Sources */,
				79BF90AA22D7450F0088D8B2 /* Padding.swift in Sources */,
				79BF909622D7450F0088D8B2 /* BatchedCollection.swift in Sources */,
				79BF908F22D7450F0088D8B2 /* Data+Extension.swift in Sources */,
				41C7CA181F063142006B51E2 /* PageInfo.swift in Sources */,
				79BF908522D7450F0088D8B2 /* HMAC.swift in Sources */,
				41C7CA261F067A14006B51E2 /* PageContentResponse.swift in Sources */,
				79BF908422D7450F0088D8B2 /* Bit.swift in Sources */,
				76E4C60622C1F7E3002D76CF /* RecordingFormResponse.swift in Sources */,
				41C7CA221F0671AC006B51E2 /* Content.swift in Sources */,
				79BF909322D7450F0088D8B2 /* Rabbit+Foundation.swift in Sources */,
				79BF90A722D7450F0088D8B2 /* Checksum.swift in Sources */,
				412DE86A1F2239A900C261E1 /* Transaction.swift in Sources */,
				41C1E3001F135F9100CC42AD /* User.swift in Sources */,
				410F9F061F03DC6B00EB54CE /* APIConstants.swift in Sources */,
				79BF909D22D7450F0088D8B2 /* RandomBytesSequence.swift in Sources */,
				414894A91F0529050048A31E /* YuppModel.swift in Sources */,
				410F9EFF1F03DC6B00EB54CE /* MediaCatalogManager.swift in Sources */,
				79BF908E22D7450F0088D8B2 /* HMAC+Foundation.swift in Sources */,
				411AE5111F18D59B00837C88 /* Device.swift in Sources */,
				410F9F041F03DC6B00EB54CE /* UserManager.swift in Sources */,
				416CECFC1F34B9870012489E /* LocationinfoResponse.swift in Sources */,
				79BF90A322D7450F0088D8B2 /* Blowfish.swift in Sources */,
				79BF908A22D7450F0088D8B2 /* NoPadding.swift in Sources */,
				79BF907F22D7450F0088D8B2 /* AES.swift in Sources */,
				41C7C9E91F060D9D006B51E2 /* ResourceProfile.swift in Sources */,
				79BF909222D7450F0088D8B2 /* AES+Foundation.swift in Sources */,
				4153727A1F1FA70200626418 /* Filter.swift in Sources */,
				414894AB1F0529D20048A31E /* AppManager.swift in Sources */,
				79BF90BA22D7450F0088D8B2 /* ChaCha20.swift in Sources */,
				79BF90A822D7450F0088D8B2 /* RandomAccessCryptor.swift in Sources */,
				79BF909022D7450F0088D8B2 /* ChaCha20+Foundation.swift in Sources */,
				79BF90AE22D7450F0088D8B2 /* PBKDF2.swift in Sources */,
				79BF90B622D7450F0088D8B2 /* BlockModeWorker.swift in Sources */,
				79BF908D22D7450F0088D8B2 /* Utils+Foundation.swift in Sources */,
				AE4A26711F9F090500597A21 /* LanguageSelectinoAttributes.swift in Sources */,
				79BF909422D7450F0088D8B2 /* UInt8+Extension.swift in Sources */,
				79BF908C22D7450F0088D8B2 /* Blowfish+Foundation.swift in Sources */,
				410F9F001F03DC6B00EB54CE /* PaymentsManager.swift in Sources */,
				79BF90B322D7450F0088D8B2 /* RandomAccessBlockModeWorker.swift in Sources */,
				79BF90A922D7450F0088D8B2 /* SHA2.swift in Sources */,
				79BF908722D7450F0088D8B2 /* Collection+Extension.swift in Sources */,
				79BF90B122D7450F0088D8B2 /* CFB.swift in Sources */,
				79BF909822D7450F0088D8B2 /* ZeroPadding.swift in Sources */,
				79BF90AC22D7450F0088D8B2 /* PKCS5.swift in Sources */,
				411AE5181F18FA9A00837C88 /* TabsInfo.swift in Sources */,
				41C7C9EC1F060F60006B51E2 /* ConfigResponse.swift in Sources */,
				79BF90BC22D7450F0088D8B2 /* Array+Extension.swift in Sources */,
				AE4516B820370A1B00074B49 /* PageEventInfo.swift in Sources */,
				410F9F081F03DC6B00EB54CE /* Utility.swift in Sources */,
				79BF909C22D7450F0088D8B2 /* Operators.swift in Sources */,
				79BF90B922D7450F0088D8B2 /* OFB.swift in Sources */,
				AE0B49C81F56C5D50006D4B0 /* ShareInfo.swift in Sources */,
				762E06B522B79AAA006F439E /* SearchResponse.swift in Sources */,
				79BF90AB22D7450F0088D8B2 /* PKCS7Padding.swift in Sources */,
				41C7CA201F066D2C006B51E2 /* Section.swift in Sources */,
				F3F645D5244DA6BD0063AC9E /* MyQuestionsPageRespose.swift in Sources */,
				F3DF509B24EEB604007EFBF9 /* SignupValidateInfo.swift in Sources */,
				79BF909522D7450F0088D8B2 /* MD5.swift in Sources */,
				41C7C9E71F0608CA006B51E2 /* Menu.swift in Sources */,
				41C7CA241F0676DD006B51E2 /* PageData.swift in Sources */,
				AE230DC41F66ABC30061C369 /* StreamStatus.swift in Sources */,
				410F9F021F03DC6B00EB54CE /* StaticContentManager.swift in Sources */,
				79BF90AF22D7450F0088D8B2 /* PBKDF1.swift in Sources */,
				41C7CA1C1F0657C5006B51E2 /* Card.swift in Sources */,
				79BF908322D7450F0088D8B2 /* Int+Extension.swift in Sources */,
				79BF908922D7450F0088D8B2 /* Digest.swift in Sources */,
				79BF90A522D7450F0088D8B2 /* Utils.swift in Sources */,
				415372751F1F3D0C00626418 /* OTP.swift in Sources */,
				412C03B31F1CC03B00C361F5 /* Package.swift in Sources */,
				79BF908222D7450F0088D8B2 /* Cipher.swift in Sources */,
				AE3C0A91206A269A00CA5C3C /* PageButtons.swift in Sources */,
				79BF90AD22D7450F0088D8B2 /* PKCS7.swift in Sources */,
				79BF909A22D7450F0088D8B2 /* Authenticator.swift in Sources */,
				79BF90B522D7450F0088D8B2 /* PCBC.swift in Sources */,
				79BF90B822D7450F0088D8B2 /* CTR.swift in Sources */,
				79BF90A022D7450F0088D8B2 /* Poly1305.swift in Sources */,
				79BF909122D7450F0088D8B2 /* Array+Foundation.swift in Sources */,
				410F9F071F03DC6B00EB54CE /* APILog.swift in Sources */,
				4130E17E1F16039B00892740 /* Language.swift in Sources */,
				410F9EB71F03DC6B00EB54CE /* API.swift in Sources */,
				41E726911F0F8B8500D66CF1 /* StreamResponse.swift in Sources */,
				A776065026BBB236009B8861 /* FeatureResponse.swift in Sources */,
				79BF908822D7450F0088D8B2 /* UInt32+Extension.swift in Sources */,
				79BF90A622D7450F0088D8B2 /* Generics.swift in Sources */,
				4167032F1F0BD9370056E644 /* Banner.swift in Sources */,
				79BF908022D7450F0088D8B2 /* UInt64+Extension.swift in Sources */,
				79BF90B222D7450F0088D8B2 /* CBC.swift in Sources */,
				79BF909922D7450F0088D8B2 /* String+Extension.swift in Sources */,
				79BF909B22D7450F0088D8B2 /* SHA3.swift in Sources */,
				79BF908B22D7450F0088D8B2 /* String+FoundationExtension.swift in Sources */,
				AE87F2D02280463B001B3D33 /* TVGuideTemplateResponse.swift in Sources */,
				410F9EB81F03DC6B00EB54CE /* KeychainSwiftDistrib.swift in Sources */,
				79BF909722D7450F0088D8B2 /* SecureBytes.swift in Sources */,
				79BF909F22D7450F0088D8B2 /* SHA1.swift in Sources */,
				4148944A1F04FE250048A31E /* APIError.swift in Sources */,
				79BF908622D7450F0088D8B2 /* UInt16+Extension.swift in Sources */,
				79BF908122D7450F0088D8B2 /* Cryptors.swift in Sources */,
				79BF90B022D7450F0088D8B2 /* BlockModeOptions.swift in Sources */,
			);
			runOnlyForDeploymentPostprocessing = 0;
		};
/* End PBXSourcesBuildPhase section */

/* Begin XCBuildConfiguration section */
		410F9E551F03CC4300EB54CE /* Debug */ = {
			isa = XCBuildConfiguration;
			buildSettings = {
				ALWAYS_SEARCH_USER_PATHS = NO;
				CLANG_ANALYZER_LOCALIZABILITY_NONLOCALIZED = YES;
				CLANG_ANALYZER_NONNULL = YES;
				CLANG_ANALYZER_NUMBER_OBJECT_CONVERSION = YES_AGGRESSIVE;
				CLANG_CXX_LANGUAGE_STANDARD = "gnu++0x";
				CLANG_CXX_LIBRARY = "libc++";
				CLANG_ENABLE_MODULES = YES;
				CLANG_ENABLE_OBJC_ARC = YES;
				CLANG_WARN_BLOCK_CAPTURE_AUTORELEASING = YES;
				CLANG_WARN_BOOL_CONVERSION = YES;
				CLANG_WARN_COMMA = YES;
				CLANG_WARN_CONSTANT_CONVERSION = YES;
				CLANG_WARN_DEPRECATED_OBJC_IMPLEMENTATIONS = YES;
				CLANG_WARN_DIRECT_OBJC_ISA_USAGE = YES_ERROR;
				CLANG_WARN_DOCUMENTATION_COMMENTS = YES;
				CLANG_WARN_EMPTY_BODY = YES;
				CLANG_WARN_ENUM_CONVERSION = YES;
				CLANG_WARN_INFINITE_RECURSION = YES;
				CLANG_WARN_INT_CONVERSION = YES;
				CLANG_WARN_NON_LITERAL_NULL_CONVERSION = YES;
				CLANG_WARN_OBJC_IMPLICIT_RETAIN_SELF = YES;
				CLANG_WARN_OBJC_LITERAL_CONVERSION = YES;
				CLANG_WARN_OBJC_ROOT_CLASS = YES_ERROR;
				CLANG_WARN_RANGE_LOOP_ANALYSIS = YES;
				CLANG_WARN_STRICT_PROTOTYPES = YES;
				CLANG_WARN_SUSPICIOUS_MOVE = YES;
				CLANG_WARN_UNREACHABLE_CODE = YES;
				CLANG_WARN__DUPLICATE_METHOD_MATCH = YES;
				"CODE_SIGN_IDENTITY[sdk=iphoneos*]" = "iPhone Developer";
				COPY_PHASE_STRIP = NO;
				CURRENT_PROJECT_VERSION = 1;
				DEBUG_INFORMATION_FORMAT = dwarf;
				ENABLE_STRICT_OBJC_MSGSEND = YES;
				ENABLE_TESTABILITY = YES;
				GCC_C_LANGUAGE_STANDARD = gnu99;
				GCC_DYNAMIC_NO_PIC = NO;
				GCC_NO_COMMON_BLOCKS = YES;
				GCC_OPTIMIZATION_LEVEL = 0;
				GCC_PREPROCESSOR_DEFINITIONS = (
					"DEBUG=1",
					"$(inherited)",
				);
				GCC_WARN_64_TO_32_BIT_CONVERSION = YES;
				GCC_WARN_ABOUT_RETURN_TYPE = YES_ERROR;
				GCC_WARN_UNDECLARED_SELECTOR = YES;
				GCC_WARN_UNINITIALIZED_AUTOS = YES_AGGRESSIVE;
				GCC_WARN_UNUSED_FUNCTION = YES;
				GCC_WARN_UNUSED_VARIABLE = YES;
				IPHONEOS_DEPLOYMENT_TARGET = 9.0;
				MTL_ENABLE_DEBUG_INFO = YES;
				ONLY_ACTIVE_ARCH = YES;
				SDKROOT = iphoneos;
				SWIFT_ACTIVE_COMPILATION_CONDITIONS = DEBUG;
				SWIFT_OPTIMIZATION_LEVEL = "-Onone";
				SWIFT_VERSION = 5.0;
				TARGETED_DEVICE_FAMILY = "1,2";
				VERSIONING_SYSTEM = "apple-generic";
				VERSION_INFO_PREFIX = "";
			};
			name = Debug;
		};
		410F9E561F03CC4300EB54CE /* Release */ = {
			isa = XCBuildConfiguration;
			buildSettings = {
				ALWAYS_SEARCH_USER_PATHS = NO;
				CLANG_ANALYZER_LOCALIZABILITY_NONLOCALIZED = YES;
				CLANG_ANALYZER_NONNULL = YES;
				CLANG_ANALYZER_NUMBER_OBJECT_CONVERSION = YES_AGGRESSIVE;
				CLANG_CXX_LANGUAGE_STANDARD = "gnu++0x";
				CLANG_CXX_LIBRARY = "libc++";
				CLANG_ENABLE_MODULES = YES;
				CLANG_ENABLE_OBJC_ARC = YES;
				CLANG_WARN_BLOCK_CAPTURE_AUTORELEASING = YES;
				CLANG_WARN_BOOL_CONVERSION = YES;
				CLANG_WARN_COMMA = YES;
				CLANG_WARN_CONSTANT_CONVERSION = YES;
				CLANG_WARN_DEPRECATED_OBJC_IMPLEMENTATIONS = YES;
				CLANG_WARN_DIRECT_OBJC_ISA_USAGE = YES_ERROR;
				CLANG_WARN_DOCUMENTATION_COMMENTS = YES;
				CLANG_WARN_EMPTY_BODY = YES;
				CLANG_WARN_ENUM_CONVERSION = YES;
				CLANG_WARN_INFINITE_RECURSION = YES;
				CLANG_WARN_INT_CONVERSION = YES;
				CLANG_WARN_NON_LITERAL_NULL_CONVERSION = YES;
				CLANG_WARN_OBJC_IMPLICIT_RETAIN_SELF = YES;
				CLANG_WARN_OBJC_LITERAL_CONVERSION = YES;
				CLANG_WARN_OBJC_ROOT_CLASS = YES_ERROR;
				CLANG_WARN_RANGE_LOOP_ANALYSIS = YES;
				CLANG_WARN_STRICT_PROTOTYPES = YES;
				CLANG_WARN_SUSPICIOUS_MOVE = YES;
				CLANG_WARN_UNREACHABLE_CODE = YES;
				CLANG_WARN__DUPLICATE_METHOD_MATCH = YES;
				"CODE_SIGN_IDENTITY[sdk=iphoneos*]" = "iPhone Developer";
				COPY_PHASE_STRIP = NO;
				CURRENT_PROJECT_VERSION = 1;
				DEBUG_INFORMATION_FORMAT = "dwarf-with-dsym";
				ENABLE_NS_ASSERTIONS = NO;
				ENABLE_STRICT_OBJC_MSGSEND = YES;
				GCC_C_LANGUAGE_STANDARD = gnu99;
				GCC_NO_COMMON_BLOCKS = YES;
				GCC_WARN_64_TO_32_BIT_CONVERSION = YES;
				GCC_WARN_ABOUT_RETURN_TYPE = YES_ERROR;
				GCC_WARN_UNDECLARED_SELECTOR = YES;
				GCC_WARN_UNINITIALIZED_AUTOS = YES_AGGRESSIVE;
				GCC_WARN_UNUSED_FUNCTION = YES;
				GCC_WARN_UNUSED_VARIABLE = YES;
				IPHONEOS_DEPLOYMENT_TARGET = 9.0;
				MTL_ENABLE_DEBUG_INFO = NO;
				SDKROOT = iphoneos;
				SWIFT_OPTIMIZATION_LEVEL = "-Owholemodule";
				SWIFT_VERSION = 5.0;
				TARGETED_DEVICE_FAMILY = "1,2";
				VALIDATE_PRODUCT = YES;
				VERSIONING_SYSTEM = "apple-generic";
				VERSION_INFO_PREFIX = "";
			};
			name = Release;
		};
		410F9E581F03CC4300EB54CE /* Debug */ = {
			isa = XCBuildConfiguration;
			buildSettings = {
				CODE_SIGN_IDENTITY = "Apple Development";
				"CODE_SIGN_IDENTITY[sdk=macosx*]" = "Apple Development";
				CODE_SIGN_STYLE = Manual;
				DEFINES_MODULE = YES;
				DEVELOPMENT_TEAM = "";
				DYLIB_COMPATIBILITY_VERSION = 1;
				DYLIB_CURRENT_VERSION = 1;
				DYLIB_INSTALL_NAME_BASE = "@rpath";
				INFOPLIST_FILE = "$(SRCROOT)/OTTSdk/Info.plist";
				INSTALL_PATH = "$(LOCAL_LIBRARY_DIR)/Frameworks";
				IPHONEOS_DEPLOYMENT_TARGET = 9.0;
				LD_RUNPATH_SEARCH_PATHS = "$(inherited) @executable_path/Frameworks @loader_path/Frameworks";
				ONLY_ACTIVE_ARCH = YES;
				PRODUCT_BUNDLE_IDENTIFIER = com.OTT.Viusasa.SDK;
				"PRODUCT_BUNDLE_IDENTIFIER[sdk=macosx*]" = "";
				PRODUCT_NAME = "$(TARGET_NAME)";
				PROVISIONING_PROFILE_SPECIFIER = "";
				"PROVISIONING_PROFILE_SPECIFIER[sdk=macosx*]" = "";
				SKIP_INSTALL = YES;
				SWIFT_VERSION = 5.0;
				TARGETED_DEVICE_FAMILY = "1,2";
				VALID_ARCHS = "armv7 armv7s arm64 x86_64";
			};
			name = Debug;
		};
		410F9E591F03CC4300EB54CE /* Release */ = {
			isa = XCBuildConfiguration;
			buildSettings = {
				CODE_SIGN_IDENTITY = "Apple Development";
				"CODE_SIGN_IDENTITY[sdk=macosx*]" = "Apple Development";
				CODE_SIGN_STYLE = Manual;
				DEFINES_MODULE = YES;
				DEVELOPMENT_TEAM = "";
				DYLIB_COMPATIBILITY_VERSION = 1;
				DYLIB_CURRENT_VERSION = 1;
				DYLIB_INSTALL_NAME_BASE = "@rpath";
				INFOPLIST_FILE = "$(SRCROOT)/OTTSdk/Info.plist";
				INSTALL_PATH = "$(LOCAL_LIBRARY_DIR)/Frameworks";
				IPHONEOS_DEPLOYMENT_TARGET = 9.0;
				LD_RUNPATH_SEARCH_PATHS = "$(inherited) @executable_path/Frameworks @loader_path/Frameworks";
				ONLY_ACTIVE_ARCH = YES;
				PRODUCT_BUNDLE_IDENTIFIER = com.OTT.Viusasa.SDK;
				"PRODUCT_BUNDLE_IDENTIFIER[sdk=macosx*]" = "";
				PRODUCT_NAME = "$(TARGET_NAME)";
				SKIP_INSTALL = YES;
				SWIFT_VERSION = 5.0;
				TARGETED_DEVICE_FAMILY = "1,2";
				VALID_ARCHS = "armv7 armv7s arm64";
			};
			name = Release;
		};
/* End XCBuildConfiguration section */

/* Begin XCConfigurationList section */
		410F9E491F03CC4200EB54CE /* Build configuration list for PBXProject "OTTSdk" */ = {
			isa = XCConfigurationList;
			buildConfigurations = (
				410F9E551F03CC4300EB54CE /* Debug */,
				410F9E561F03CC4300EB54CE /* Release */,
			);
			defaultConfigurationIsVisible = 0;
			defaultConfigurationName = Release;
		};
		410F9E571F03CC4300EB54CE /* Build configuration list for PBXNativeTarget "OTTSdk" */ = {
			isa = XCConfigurationList;
			buildConfigurations = (
				410F9E581F03CC4300EB54CE /* Debug */,
				410F9E591F03CC4300EB54CE /* Release */,
			);
			defaultConfigurationIsVisible = 0;
			defaultConfigurationName = Release;
		};
/* End XCConfigurationList section */
	};
	rootObject = 410F9E461F03CC4200EB54CE /* Project object */;
}
