PODS:
  - FlagPhoneNumber (0.7.2):
    - libPhoneNumber-iOS
  - IQKeyboardManager (6.2.0)
  - libPhoneNumber-iOS (0.9.13)

DEPENDENCIES:
  - FlagPhoneNumber
  - IQKeyboardManager

SPEC REPOS:
  https://github.com/cocoapods/specs.git:
    - FlagPhoneNumber
    - IQKeyboardManager
    - libPhoneNumber-iOS

SPEC CHECKSUMS:
  FlagPhoneNumber: 86194d414c7e3b2f38c16136c4f8a5d34e3ee8b7
  IQKeyboardManager: 6194101620b73af5e67900b8f89707a99de0b804
  libPhoneNumber-iOS: e444379ac18bbfbdefad571da735b2cd7e096caa

PODFILE CHECKSUM: 35664597a223bdba5c5a559442454a82af01ec43

COCOAPODS: 1.5.3
