// !$*UTF8*$!
{
	archiveVersion = 1;
	classes = {
	};
	objectVersion = 50;
	objects = {

/* Begin PBXBuildFile section */
		8412D53B21E73072007CFB97 /* MessagesVC.swift in Sources */ = {isa = PBXBuildFile; fileRef = 8412D53A21E73072007CFB97 /* MessagesVC.swift */; };
		8412D53E21E73103007CFB97 /* MessagesCell.xib in Resources */ = {isa = PBXBuildFile; fileRef = 8412D53C21E73102007CFB97 /* MessagesCell.xib */; };
		8412D53F21E73103007CFB97 /* MessagesCell.swift in Sources */ = {isa = PBXBuildFile; fileRef = 8412D53D21E73102007CFB97 /* MessagesCell.swift */; };
		8418B52B2248F6BA00B18407 /* Splash.png in Resources */ = {isa = PBXBuildFile; fileRef = 8418B52A2248F6B900B18407 /* Splash.png */; };
		8439174F21F5DB79005D9E6F /* RelatedBusinessVCViewController.swift in Sources */ = {isa = PBXBuildFile; fileRef = 8439174E21F5DB79005D9E6F /* RelatedBusinessVCViewController.swift */; };
		843D56B721E737F8006AD6EB /* CommentsVC.swift in Sources */ = {isa = PBXBuildFile; fileRef = 843D56B621E737F8006AD6EB /* CommentsVC.swift */; };
		846DA4C421E4B82B006EEEAE /* CouponCell.swift in Sources */ = {isa = PBXBuildFile; fileRef = 846DA4C221E4B82B006EEEAE /* CouponCell.swift */; };
		846DA4C521E4B82B006EEEAE /* CouponCell.xib in Resources */ = {isa = PBXBuildFile; fileRef = 846DA4C321E4B82B006EEEAE /* CouponCell.xib */; };
		847514692230FC3000C904EA /* BusinessDetail.storyboard in Resources */ = {isa = PBXBuildFile; fileRef = 847514682230FC3000C904EA /* BusinessDetail.storyboard */; };
		848B794721F9D3E700F0E750 /* mess.xcassets in Resources */ = {isa = PBXBuildFile; fileRef = 848B794621F9D3E300F0E750 /* mess.xcassets */; };
		84A365F0224BB55F00D8AB3A /* FavoriteActivity.swift in Sources */ = {isa = PBXBuildFile; fileRef = 84A365EF224BB55F00D8AB3A /* FavoriteActivity.swift */; };
		84A93096227D861600351603 /* GoogleService-Info.plist in Resources */ = {isa = PBXBuildFile; fileRef = 84A93095227D861600351603 /* GoogleService-Info.plist */; };
		84D76A3E228FDA06001B08ED /* StoreKit.framework in Frameworks */ = {isa = PBXBuildFile; fileRef = 84D76A3D228FDA06001B08ED /* StoreKit.framework */; };
		84EFCD1A2293D190001F498E /* IAPHelper.swift in Sources */ = {isa = PBXBuildFile; fileRef = 84EFCD192293D190001F498E /* IAPHelper.swift */; };
		BF1462A921B7BD38002CA946 /* ImageCropper.storyboard in Resources */ = {isa = PBXBuildFile; fileRef = BF1462A821B7BD38002CA946 /* ImageCropper.storyboard */; };
		BF181F6921A3DA220070DCE9 /* CategoryFilterCell.swift in Sources */ = {isa = PBXBuildFile; fileRef = BF181F6721A3DA220070DCE9 /* CategoryFilterCell.swift */; };
		BF181F6A21A3DA220070DCE9 /* CategoryFilterCell.xib in Resources */ = {isa = PBXBuildFile; fileRef = BF181F6821A3DA220070DCE9 /* CategoryFilterCell.xib */; };
		BF3512F721B670FF0089A010 /* FacilityCell.swift in Sources */ = {isa = PBXBuildFile; fileRef = BF3512F521B670FF0089A010 /* FacilityCell.swift */; };
		BF3512F821B670FF0089A010 /* FacilityCell.xib in Resources */ = {isa = PBXBuildFile; fileRef = BF3512F621B670FF0089A010 /* FacilityCell.xib */; };
		BF4D22062181A75A0011AA97 /* MSSideNavigationVC.swift in Sources */ = {isa = PBXBuildFile; fileRef = BF4D22052181A7590011AA97 /* MSSideNavigationVC.swift */; };
		BF4D220A2181DFCC0011AA97 /* PostedBusinessCell.swift in Sources */ = {isa = PBXBuildFile; fileRef = BF4D22082181DFCC0011AA97 /* PostedBusinessCell.swift */; };
		BF4D220B2181DFCC0011AA97 /* PostedBusinessCell.xib in Resources */ = {isa = PBXBuildFile; fileRef = BF4D22092181DFCC0011AA97 /* PostedBusinessCell.xib */; };
		BF4D220D2181E3F80011AA97 /* PostedBuisnessVC.swift in Sources */ = {isa = PBXBuildFile; fileRef = BF4D220C2181E3F80011AA97 /* PostedBuisnessVC.swift */; };
		BF8376082167A3E1007D5302 /* BusinessListCell.swift in Sources */ = {isa = PBXBuildFile; fileRef = BF8376062167A3E1007D5302 /* BusinessListCell.swift */; };
		BF8376092167A3E1007D5302 /* BusinessListCell.xib in Resources */ = {isa = PBXBuildFile; fileRef = BF8376072167A3E1007D5302 /* BusinessListCell.xib */; };
		BF83760B2167A510007D5302 /* HomeVC.swift in Sources */ = {isa = PBXBuildFile; fileRef = BF83760A2167A510007D5302 /* HomeVC.swift */; };
		BF88808C219D2F6600EBE503 /* NotificationVC.swift in Sources */ = {isa = PBXBuildFile; fileRef = BF88808B219D2F6600EBE503 /* NotificationVC.swift */; };
		BF88808F219D2FDE00EBE503 /* NotificationCell.swift in Sources */ = {isa = PBXBuildFile; fileRef = BF88808D219D2FDE00EBE503 /* NotificationCell.swift */; };
		BF888090219D2FDE00EBE503 /* NotificationCell.xib in Resources */ = {isa = PBXBuildFile; fileRef = BF88808E219D2FDE00EBE503 /* NotificationCell.xib */; };
		BF90A472218C23BD00A564DC /* CommentCell.swift in Sources */ = {isa = PBXBuildFile; fileRef = BF90A470218C23BD00A564DC /* CommentCell.swift */; };
		BF90A473218C23BD00A564DC /* CommentCell.xib in Resources */ = {isa = PBXBuildFile; fileRef = BF90A471218C23BD00A564DC /* CommentCell.xib */; };
		BF90A476218C257700A564DC /* CommentReplyCell.swift in Sources */ = {isa = PBXBuildFile; fileRef = BF90A474218C257600A564DC /* CommentReplyCell.swift */; };
		BF90A477218C257700A564DC /* CommentReplyCell.xib in Resources */ = {isa = PBXBuildFile; fileRef = BF90A475218C257600A564DC /* CommentReplyCell.xib */; };
		BF90A47A218C286A00A564DC /* BusinessItemCell.swift in Sources */ = {isa = PBXBuildFile; fileRef = BF90A478218C286A00A564DC /* BusinessItemCell.swift */; };
		BF90A47B218C286A00A564DC /* BusinessItemCell.xib in Resources */ = {isa = PBXBuildFile; fileRef = BF90A479218C286A00A564DC /* BusinessItemCell.xib */; };
		BF90A47E218C347300A564DC /* ClaimBusinessVC.swift in Sources */ = {isa = PBXBuildFile; fileRef = BF90A47D218C347300A564DC /* ClaimBusinessVC.swift */; };
		BF90A481218C54FA00A564DC /* SearchResultVC.swift in Sources */ = {isa = PBXBuildFile; fileRef = BF90A480218C54FA00A564DC /* SearchResultVC.swift */; };
		BF90A484218C608E00A564DC /* SeachBusinessCell.swift in Sources */ = {isa = PBXBuildFile; fileRef = BF90A482218C608E00A564DC /* SeachBusinessCell.swift */; };
		BF90A485218C608E00A564DC /* SeachBusinessCell.xib in Resources */ = {isa = PBXBuildFile; fileRef = BF90A483218C608E00A564DC /* SeachBusinessCell.xib */; };
		BFAD5786219ABDDB004B37D5 /* PinterestLayout.swift in Sources */ = {isa = PBXBuildFile; fileRef = BFAD5785219ABDDB004B37D5 /* PinterestLayout.swift */; };
		BFAD5789219ADC67004B37D5 /* AddNewBusinessVC.swift in Sources */ = {isa = PBXBuildFile; fileRef = BFAD5788219ADC67004B37D5 /* AddNewBusinessVC.swift */; };
		BFAD578C219AE04C004B37D5 /* AddNewServiceImageCell.swift in Sources */ = {isa = PBXBuildFile; fileRef = BFAD578A219AE04B004B37D5 /* AddNewServiceImageCell.swift */; };
		BFAD578D219AE04C004B37D5 /* AddNewServiceImageCell.xib in Resources */ = {isa = PBXBuildFile; fileRef = BFAD578B219AE04C004B37D5 /* AddNewServiceImageCell.xib */; };
		BFAD578F219AF1A3004B37D5 /* EditMerchnatProfileVC.swift in Sources */ = {isa = PBXBuildFile; fileRef = BFAD578E219AF1A3004B37D5 /* EditMerchnatProfileVC.swift */; };
		BFAD5791219AFBC8004B37D5 /* MerchantProfileVC.swift in Sources */ = {isa = PBXBuildFile; fileRef = BFAD5790219AFBC8004B37D5 /* MerchantProfileVC.swift */; };
		BFAD5794219B00AC004B37D5 /* PostNewAdvertiseVC.swift in Sources */ = {isa = PBXBuildFile; fileRef = BFAD5793219B00AC004B37D5 /* PostNewAdvertiseVC.swift */; };
		BFAD5796219B09D7004B37D5 /* PostedAdvertiseVC.swift in Sources */ = {isa = PBXBuildFile; fileRef = BFAD5795219B09D7004B37D5 /* PostedAdvertiseVC.swift */; };
		BFAD5799219B0A7D004B37D5 /* PostedAdvertiseCell.swift in Sources */ = {isa = PBXBuildFile; fileRef = BFAD5797219B0A7D004B37D5 /* PostedAdvertiseCell.swift */; };
		BFAD579A219B0A7D004B37D5 /* PostedAdvertiseCell.xib in Resources */ = {isa = PBXBuildFile; fileRef = BFAD5798219B0A7D004B37D5 /* PostedAdvertiseCell.xib */; };
		BFAF2FBC21761E1A0048C7F6 /* ContactUsVC.swift in Sources */ = {isa = PBXBuildFile; fileRef = BFAF2FBB21761E1A0048C7F6 /* ContactUsVC.swift */; };
		BFAF5EAB218728B800E591F0 /* MembershipPlanListVC.swift in Sources */ = {isa = PBXBuildFile; fileRef = BFAF5EAA218728B800E591F0 /* MembershipPlanListVC.swift */; };
		BFAF5EAE218728D300E591F0 /* MembershipPlanCell.swift in Sources */ = {isa = PBXBuildFile; fileRef = BFAF5EAC218728D300E591F0 /* MembershipPlanCell.swift */; };
		BFAF5EAF218728D300E591F0 /* MembershipPlanCell.xib in Resources */ = {isa = PBXBuildFile; fileRef = BFAF5EAD218728D300E591F0 /* MembershipPlanCell.xib */; };
		BFB4824E21771E300035DDDF /* SingleImageCell.swift in Sources */ = {isa = PBXBuildFile; fileRef = BFB4824C21771E300035DDDF /* SingleImageCell.swift */; };
		BFB4824F21771E300035DDDF /* SingleImageCell.xib in Resources */ = {isa = PBXBuildFile; fileRef = BFB4824D21771E300035DDDF /* SingleImageCell.xib */; };
		BFB4825221771E4E0035DDDF /* TwoImageCell.swift in Sources */ = {isa = PBXBuildFile; fileRef = BFB4825021771E4E0035DDDF /* TwoImageCell.swift */; };
		BFB4825321771E4E0035DDDF /* TwoImageCell.xib in Resources */ = {isa = PBXBuildFile; fileRef = BFB4825121771E4E0035DDDF /* TwoImageCell.xib */; };
		BFC780A6216F0D790054D7D2 /* ProfileVC.swift in Sources */ = {isa = PBXBuildFile; fileRef = BFC780A5216F0D790054D7D2 /* ProfileVC.swift */; };
		BFC780A8216F25BF0054D7D2 /* EditProfileVC.swift in Sources */ = {isa = PBXBuildFile; fileRef = BFC780A7216F25BF0054D7D2 /* EditProfileVC.swift */; };
		BFC780AB216F2A0E0054D7D2 /* ImageCropper.swift in Sources */ = {isa = PBXBuildFile; fileRef = BFC780AA216F2A0E0054D7D2 /* ImageCropper.swift */; };
		BFC99BB92168CD6700A2212B /* SearchBusinessVC.swift in Sources */ = {isa = PBXBuildFile; fileRef = BFC99BB82168CD6700A2212B /* SearchBusinessVC.swift */; };
		BFC99BBB2168CE4500A2212B /* PageVC.swift in Sources */ = {isa = PBXBuildFile; fileRef = BFC99BBA2168CE4500A2212B /* PageVC.swift */; };
		BFC99BBE2168D37800A2212B /* AboutUsVC.swift in Sources */ = {isa = PBXBuildFile; fileRef = BFC99BBD2168D37800A2212B /* AboutUsVC.swift */; };
		BFC99BC12168D96F00A2212B /* ChangePasswordVC.swift in Sources */ = {isa = PBXBuildFile; fileRef = BFC99BC02168D96F00A2212B /* ChangePasswordVC.swift */; };
		BFC99BC42168D9E300A2212B /* NotificationSettingVC.swift in Sources */ = {isa = PBXBuildFile; fileRef = BFC99BC32168D9E300A2212B /* NotificationSettingVC.swift */; };
		BFCD6E2521676DA7007794A9 /* LoginVC.swift in Sources */ = {isa = PBXBuildFile; fileRef = BFCD6E2421676DA7007794A9 /* LoginVC.swift */; };
		BFD4891B219C0A99008F0448 /* SubCategoryListVC.swift in Sources */ = {isa = PBXBuildFile; fileRef = BFD4891A219C0A99008F0448 /* SubCategoryListVC.swift */; };
		BFD4891E219C0E9A008F0448 /* SubCategoryCell.swift in Sources */ = {isa = PBXBuildFile; fileRef = BFD4891C219C0E9A008F0448 /* SubCategoryCell.swift */; };
		BFD4891F219C0E9A008F0448 /* SubCategoryCell.xib in Resources */ = {isa = PBXBuildFile; fileRef = BFD4891D219C0E9A008F0448 /* SubCategoryCell.xib */; };
		BFD48922219C1E6C008F0448 /* ReceivedReviewsListVC.swift in Sources */ = {isa = PBXBuildFile; fileRef = BFD48921219C1E6C008F0448 /* ReceivedReviewsListVC.swift */; };
		BFD48925219C1EB8008F0448 /* ReceivedReviewCell.swift in Sources */ = {isa = PBXBuildFile; fileRef = BFD48923219C1EB8008F0448 /* ReceivedReviewCell.swift */; };
		BFD48926219C1EB8008F0448 /* ReceivedReviewCell.xib in Resources */ = {isa = PBXBuildFile; fileRef = BFD48924219C1EB8008F0448 /* ReceivedReviewCell.xib */; };
		BFD4892D219C2805008F0448 /* ChatCell.xib in Resources */ = {isa = PBXBuildFile; fileRef = BFD48928219C2803008F0448 /* ChatCell.xib */; };
		BFD4892E219C2805008F0448 /* ChatCell.swift in Sources */ = {isa = PBXBuildFile; fileRef = BFD48929219C2804008F0448 /* ChatCell.swift */; };
		BFD4892F219C2805008F0448 /* ChatVC.swift in Sources */ = {isa = PBXBuildFile; fileRef = BFD4892A219C2804008F0448 /* ChatVC.swift */; };
		BFD48930219C2805008F0448 /* ChatReceiveCell.xib in Resources */ = {isa = PBXBuildFile; fileRef = BFD4892B219C2805008F0448 /* ChatReceiveCell.xib */; };
		BFD48931219C2805008F0448 /* ChatReceiveCell.swift in Sources */ = {isa = PBXBuildFile; fileRef = BFD4892C219C2805008F0448 /* ChatReceiveCell.swift */; };
		BFE24E60216B158F0081CEB2 /* PaymentHistoryVC.swift in Sources */ = {isa = PBXBuildFile; fileRef = BFE24E5F216B158F0081CEB2 /* PaymentHistoryVC.swift */; };
		BFE24E66216B16290081CEB2 /* InviteFriendCell.swift in Sources */ = {isa = PBXBuildFile; fileRef = BFE24E62216B16280081CEB2 /* InviteFriendCell.swift */; };
		BFE24E67216B16290081CEB2 /* InviteFriendCell.xib in Resources */ = {isa = PBXBuildFile; fileRef = BFE24E63216B16280081CEB2 /* InviteFriendCell.xib */; };
		BFE24E68216B16290081CEB2 /* InviteFriendVC.swift in Sources */ = {isa = PBXBuildFile; fileRef = BFE24E64216B16280081CEB2 /* InviteFriendVC.swift */; };
		BFE24E69216B16290081CEB2 /* SendInviteVC.swift in Sources */ = {isa = PBXBuildFile; fileRef = BFE24E65216B16280081CEB2 /* SendInviteVC.swift */; };
		BFE24E6C216B1EE20081CEB2 /* PostedReviewsVC.swift in Sources */ = {isa = PBXBuildFile; fileRef = BFE24E6B216B1EE20081CEB2 /* PostedReviewsVC.swift */; };
		BFE24E73216B1FE40081CEB2 /* ReviewPopUpVC.swift in Sources */ = {isa = PBXBuildFile; fileRef = BFE24E72216B1FE40081CEB2 /* ReviewPopUpVC.swift */; };
		BFE24E75216B32F90081CEB2 /* SignUpVC.swift in Sources */ = {isa = PBXBuildFile; fileRef = BFE24E74216B32F90081CEB2 /* SignUpVC.swift */; };
		BFE24E78216B370A0081CEB2 /* MyWalletCell.swift in Sources */ = {isa = PBXBuildFile; fileRef = BFE24E76216B37090081CEB2 /* MyWalletCell.swift */; };
		BFE24E79216B370A0081CEB2 /* MyWalletCell.xib in Resources */ = {isa = PBXBuildFile; fileRef = BFE24E77216B370A0081CEB2 /* MyWalletCell.xib */; };
		BFE24E7C216B69CA0081CEB2 /* FavouriteBusinessVC.swift in Sources */ = {isa = PBXBuildFile; fileRef = BFE24E7B216B69CA0081CEB2 /* FavouriteBusinessVC.swift */; };
		BFE24E83216B6A860081CEB2 /* FavouriteBusinessCell.swift in Sources */ = {isa = PBXBuildFile; fileRef = BFE24E81216B6A860081CEB2 /* FavouriteBusinessCell.swift */; };
		BFE24E84216B6A860081CEB2 /* FavouriteBusinessCell.xib in Resources */ = {isa = PBXBuildFile; fileRef = BFE24E82216B6A860081CEB2 /* FavouriteBusinessCell.xib */; };
		BFE8FBEA2166188400B8066E /* AppDelegate.swift in Sources */ = {isa = PBXBuildFile; fileRef = BFE8FBE92166188400B8066E /* AppDelegate.swift */; };
		BFE8FBEF2166188400B8066E /* Main.storyboard in Resources */ = {isa = PBXBuildFile; fileRef = BFE8FBED2166188400B8066E /* Main.storyboard */; };
		BFE8FBF22166188400B8066E /* Reviews_And_Rattings.xcdatamodeld in Sources */ = {isa = PBXBuildFile; fileRef = BFE8FBF02166188400B8066E /* Reviews_And_Rattings.xcdatamodeld */; };
		BFE8FBF72166188600B8066E /* LaunchScreen.storyboard in Resources */ = {isa = PBXBuildFile; fileRef = BFE8FBF52166188600B8066E /* LaunchScreen.storyboard */; };
		BFE8FC01216618C800B8066E /* Modal.swift in Sources */ = {isa = PBXBuildFile; fileRef = BFE8FBFF216618C800B8066E /* Modal.swift */; };
		BFE8FC02216618C800B8066E /* WebRequester.swift in Sources */ = {isa = PBXBuildFile; fileRef = BFE8FC00216618C800B8066E /* WebRequester.swift */; };
		BFE8FC0D216618D500B8066E /* BaseTableViewCell.swift in Sources */ = {isa = PBXBuildFile; fileRef = BFE8FC04216618D400B8066E /* BaseTableViewCell.swift */; };
		BFE8FC0E216618D500B8066E /* BaseViewController.swift in Sources */ = {isa = PBXBuildFile; fileRef = BFE8FC05216618D400B8066E /* BaseViewController.swift */; };
		BFE8FC0F216618D500B8066E /* Constant.swift in Sources */ = {isa = PBXBuildFile; fileRef = BFE8FC06216618D400B8066E /* Constant.swift */; };
		BFE8FC10216618D500B8066E /* CustomColor.swift in Sources */ = {isa = PBXBuildFile; fileRef = BFE8FC07216618D400B8066E /* CustomColor.swift */; };
		BFE8FC11216618D500B8066E /* CustomControl.swift in Sources */ = {isa = PBXBuildFile; fileRef = BFE8FC08216618D400B8066E /* CustomControl.swift */; };
		BFE8FC12216618D500B8066E /* CustomFont.swift in Sources */ = {isa = PBXBuildFile; fileRef = BFE8FC09216618D400B8066E /* CustomFont.swift */; };
		BFE8FC13216618D500B8066E /* DataManager.swift in Sources */ = {isa = PBXBuildFile; fileRef = BFE8FC0A216618D400B8066E /* DataManager.swift */; };
		BFE8FC14216618D500B8066E /* Extenstions.swift in Sources */ = {isa = PBXBuildFile; fileRef = BFE8FC0B216618D400B8066E /* Extenstions.swift */; };
		BFE8FC15216618D500B8066E /* UserData.swift in Sources */ = {isa = PBXBuildFile; fileRef = BFE8FC0C216618D400B8066E /* UserData.swift */; };
		BFE8FC1B21661BAE00B8066E /* NavigationBarView.swift in Sources */ = {isa = PBXBuildFile; fileRef = BFE8FC1721661BAE00B8066E /* NavigationBarView.swift */; };
		BFE8FC1C21661BAE00B8066E /* NavigationBarView.xib in Resources */ = {isa = PBXBuildFile; fileRef = BFE8FC1821661BAE00B8066E /* NavigationBarView.xib */; };
		BFE8FC1D21661BAE00B8066E /* StatusBarView.swift in Sources */ = {isa = PBXBuildFile; fileRef = BFE8FC1921661BAE00B8066E /* StatusBarView.swift */; };
		BFE8FC1E21661BAE00B8066E /* StatusBarView.xib in Resources */ = {isa = PBXBuildFile; fileRef = BFE8FC1A21661BAE00B8066E /* StatusBarView.xib */; };
		BFFB534D218B2A7900CB601B /* BuisnessDetailVC.swift in Sources */ = {isa = PBXBuildFile; fileRef = BFFB534C218B2A7900CB601B /* BuisnessDetailVC.swift */; };
		BFFB771B2174B6D600D22FB5 /* Montserrat-Black.otf in Resources */ = {isa = PBXBuildFile; fileRef = BFFB77132174B6C500D22FB5 /* Montserrat-Black.otf */; };
		BFFB771C2174B6D600D22FB5 /* Montserrat-ExtraBold.otf in Resources */ = {isa = PBXBuildFile; fileRef = BFFB77142174B6C700D22FB5 /* Montserrat-ExtraBold.otf */; };
		BFFB771D2174B6D600D22FB5 /* Montserrat-Regular.otf in Resources */ = {isa = PBXBuildFile; fileRef = BFFB77152174B6C900D22FB5 /* Montserrat-Regular.otf */; };
		BFFB771E2174B6D600D22FB5 /* Montserrat-Bold.otf in Resources */ = {isa = PBXBuildFile; fileRef = BFFB77162174B6CC00D22FB5 /* Montserrat-Bold.otf */; };
		BFFB771F2174B6D600D22FB5 /* Montserrat-Light.otf in Resources */ = {isa = PBXBuildFile; fileRef = BFFB77172174B6CE00D22FB5 /* Montserrat-Light.otf */; };
		BFFB77202174B6D600D22FB5 /* Montserrat-Hairline.otf in Resources */ = {isa = PBXBuildFile; fileRef = BFFB77182174B6D000D22FB5 /* Montserrat-Hairline.otf */; };
		BFFB77212174B6D600D22FB5 /* Montserrat-UltraLight.otf in Resources */ = {isa = PBXBuildFile; fileRef = BFFB77192174B6D200D22FB5 /* Montserrat-UltraLight.otf */; };
		BFFB77222174B6D600D22FB5 /* Montserrat-SemiBold.otf in Resources */ = {isa = PBXBuildFile; fileRef = BFFB771A2174B6D400D22FB5 /* Montserrat-SemiBold.otf */; };
		F840A1246909C32BCE81AEF1 /* Pods_Explore_Local.framework in Frameworks */ = {isa = PBXBuildFile; fileRef = 142CE4CEC847A51579F1972F /* Pods_Explore_Local.framework */; };
/* End PBXBuildFile section */

/* Begin PBXFileReference section */
		142CE4CEC847A51579F1972F /* Pods_Explore_Local.framework */ = {isa = PBXFileReference; explicitFileType = wrapper.framework; includeInIndex = 0; path = Pods_Explore_Local.framework; sourceTree = BUILT_PRODUCTS_DIR; };
		325B83CD95D1DC82995F69D0 /* Pods-Reviews_And_Rattings.debug.xcconfig */ = {isa = PBXFileReference; includeInIndex = 1; lastKnownFileType = text.xcconfig; name = "Pods-Reviews_And_Rattings.debug.xcconfig"; path = "Pods/Target Support Files/Pods-Reviews_And_Rattings/Pods-Reviews_And_Rattings.debug.xcconfig"; sourceTree = "<group>"; };
		8412D53A21E73072007CFB97 /* MessagesVC.swift */ = {isa = PBXFileReference; fileEncoding = 4; lastKnownFileType = sourcecode.swift; path = MessagesVC.swift; sourceTree = "<group>"; };
		8412D53C21E73102007CFB97 /* MessagesCell.xib */ = {isa = PBXFileReference; fileEncoding = 4; lastKnownFileType = file.xib; path = MessagesCell.xib; sourceTree = "<group>"; };
		8412D53D21E73102007CFB97 /* MessagesCell.swift */ = {isa = PBXFileReference; fileEncoding = 4; lastKnownFileType = sourcecode.swift; path = MessagesCell.swift; sourceTree = "<group>"; };
		8418B52A2248F6B900B18407 /* Splash.png */ = {isa = PBXFileReference; lastKnownFileType = image.png; path = Splash.png; sourceTree = "<group>"; };
		8439174E21F5DB79005D9E6F /* RelatedBusinessVCViewController.swift */ = {isa = PBXFileReference; lastKnownFileType = sourcecode.swift; path = RelatedBusinessVCViewController.swift; sourceTree = "<group>"; };
		843D56B621E737F8006AD6EB /* CommentsVC.swift */ = {isa = PBXFileReference; lastKnownFileType = sourcecode.swift; path = CommentsVC.swift; sourceTree = "<group>"; };
		846DA4C221E4B82B006EEEAE /* CouponCell.swift */ = {isa = PBXFileReference; lastKnownFileType = sourcecode.swift; path = CouponCell.swift; sourceTree = "<group>"; };
		846DA4C321E4B82B006EEEAE /* CouponCell.xib */ = {isa = PBXFileReference; lastKnownFileType = file.xib; path = CouponCell.xib; sourceTree = "<group>"; };
		847514682230FC3000C904EA /* BusinessDetail.storyboard */ = {isa = PBXFileReference; lastKnownFileType = file.storyboard; path = BusinessDetail.storyboard; sourceTree = "<group>"; };
		848B794621F9D3E300F0E750 /* mess.xcassets */ = {isa = PBXFileReference; lastKnownFileType = folder.assetcatalog; path = mess.xcassets; sourceTree = "<group>"; };
		84A365EF224BB55F00D8AB3A /* FavoriteActivity.swift */ = {isa = PBXFileReference; lastKnownFileType = sourcecode.swift; path = FavoriteActivity.swift; sourceTree = "<group>"; };
		84A93095227D861600351603 /* GoogleService-Info.plist */ = {isa = PBXFileReference; fileEncoding = 4; lastKnownFileType = text.plist.xml; path = "GoogleService-Info.plist"; sourceTree = "<group>"; };
		84CC1F3521DB453D00CD09A4 /* Explore Local.entitlements */ = {isa = PBXFileReference; lastKnownFileType = text.plist.entitlements; path = "Explore Local.entitlements"; sourceTree = "<group>"; };
		84D76A3D228FDA06001B08ED /* StoreKit.framework */ = {isa = PBXFileReference; lastKnownFileType = wrapper.framework; name = StoreKit.framework; path = System/Library/Frameworks/StoreKit.framework; sourceTree = SDKROOT; };
		84EFCD192293D190001F498E /* IAPHelper.swift */ = {isa = PBXFileReference; fileEncoding = 4; lastKnownFileType = sourcecode.swift; path = IAPHelper.swift; sourceTree = "<group>"; };
		BF1462A821B7BD38002CA946 /* ImageCropper.storyboard */ = {isa = PBXFileReference; fileEncoding = 4; lastKnownFileType = file.storyboard; path = ImageCropper.storyboard; sourceTree = "<group>"; };
		BF181F6721A3DA220070DCE9 /* CategoryFilterCell.swift */ = {isa = PBXFileReference; lastKnownFileType = sourcecode.swift; path = CategoryFilterCell.swift; sourceTree = "<group>"; };
		BF181F6821A3DA220070DCE9 /* CategoryFilterCell.xib */ = {isa = PBXFileReference; lastKnownFileType = file.xib; path = CategoryFilterCell.xib; sourceTree = "<group>"; };
		BF3512F521B670FF0089A010 /* FacilityCell.swift */ = {isa = PBXFileReference; lastKnownFileType = sourcecode.swift; path = FacilityCell.swift; sourceTree = "<group>"; };
		BF3512F621B670FF0089A010 /* FacilityCell.xib */ = {isa = PBXFileReference; lastKnownFileType = file.xib; path = FacilityCell.xib; sourceTree = "<group>"; };
		BF4D22052181A7590011AA97 /* MSSideNavigationVC.swift */ = {isa = PBXFileReference; fileEncoding = 4; lastKnownFileType = sourcecode.swift; path = MSSideNavigationVC.swift; sourceTree = "<group>"; };
		BF4D22082181DFCC0011AA97 /* PostedBusinessCell.swift */ = {isa = PBXFileReference; lastKnownFileType = sourcecode.swift; path = PostedBusinessCell.swift; sourceTree = "<group>"; };
		BF4D22092181DFCC0011AA97 /* PostedBusinessCell.xib */ = {isa = PBXFileReference; lastKnownFileType = file.xib; path = PostedBusinessCell.xib; sourceTree = "<group>"; };
		BF4D220C2181E3F80011AA97 /* PostedBuisnessVC.swift */ = {isa = PBXFileReference; lastKnownFileType = sourcecode.swift; path = PostedBuisnessVC.swift; sourceTree = "<group>"; };
		BF8376062167A3E1007D5302 /* BusinessListCell.swift */ = {isa = PBXFileReference; lastKnownFileType = sourcecode.swift; path = BusinessListCell.swift; sourceTree = "<group>"; };
		BF8376072167A3E1007D5302 /* BusinessListCell.xib */ = {isa = PBXFileReference; lastKnownFileType = file.xib; path = BusinessListCell.xib; sourceTree = "<group>"; };
		BF83760A2167A510007D5302 /* HomeVC.swift */ = {isa = PBXFileReference; lastKnownFileType = sourcecode.swift; path = HomeVC.swift; sourceTree = "<group>"; };
		BF88808B219D2F6600EBE503 /* NotificationVC.swift */ = {isa = PBXFileReference; lastKnownFileType = sourcecode.swift; path = NotificationVC.swift; sourceTree = "<group>"; };
		BF88808D219D2FDE00EBE503 /* NotificationCell.swift */ = {isa = PBXFileReference; lastKnownFileType = sourcecode.swift; path = NotificationCell.swift; sourceTree = "<group>"; };
		BF88808E219D2FDE00EBE503 /* NotificationCell.xib */ = {isa = PBXFileReference; lastKnownFileType = file.xib; path = NotificationCell.xib; sourceTree = "<group>"; };
		BF90A470218C23BD00A564DC /* CommentCell.swift */ = {isa = PBXFileReference; lastKnownFileType = sourcecode.swift; path = CommentCell.swift; sourceTree = "<group>"; };
		BF90A471218C23BD00A564DC /* CommentCell.xib */ = {isa = PBXFileReference; lastKnownFileType = file.xib; path = CommentCell.xib; sourceTree = "<group>"; };
		BF90A474218C257600A564DC /* CommentReplyCell.swift */ = {isa = PBXFileReference; lastKnownFileType = sourcecode.swift; path = CommentReplyCell.swift; sourceTree = "<group>"; };
		BF90A475218C257600A564DC /* CommentReplyCell.xib */ = {isa = PBXFileReference; lastKnownFileType = file.xib; path = CommentReplyCell.xib; sourceTree = "<group>"; };
		BF90A478218C286A00A564DC /* BusinessItemCell.swift */ = {isa = PBXFileReference; lastKnownFileType = sourcecode.swift; path = BusinessItemCell.swift; sourceTree = "<group>"; };
		BF90A479218C286A00A564DC /* BusinessItemCell.xib */ = {isa = PBXFileReference; lastKnownFileType = file.xib; path = BusinessItemCell.xib; sourceTree = "<group>"; };
		BF90A47D218C347300A564DC /* ClaimBusinessVC.swift */ = {isa = PBXFileReference; lastKnownFileType = sourcecode.swift; path = ClaimBusinessVC.swift; sourceTree = "<group>"; };
		BF90A480218C54FA00A564DC /* SearchResultVC.swift */ = {isa = PBXFileReference; lastKnownFileType = sourcecode.swift; path = SearchResultVC.swift; sourceTree = "<group>"; };
		BF90A482218C608E00A564DC /* SeachBusinessCell.swift */ = {isa = PBXFileReference; lastKnownFileType = sourcecode.swift; path = SeachBusinessCell.swift; sourceTree = "<group>"; };
		BF90A483218C608E00A564DC /* SeachBusinessCell.xib */ = {isa = PBXFileReference; lastKnownFileType = file.xib; path = SeachBusinessCell.xib; sourceTree = "<group>"; };
		BFAD5785219ABDDB004B37D5 /* PinterestLayout.swift */ = {isa = PBXFileReference; fileEncoding = 4; lastKnownFileType = sourcecode.swift; path = PinterestLayout.swift; sourceTree = "<group>"; };
		BFAD5788219ADC67004B37D5 /* AddNewBusinessVC.swift */ = {isa = PBXFileReference; lastKnownFileType = sourcecode.swift; path = AddNewBusinessVC.swift; sourceTree = "<group>"; };
		BFAD578A219AE04B004B37D5 /* AddNewServiceImageCell.swift */ = {isa = PBXFileReference; fileEncoding = 4; lastKnownFileType = sourcecode.swift; path = AddNewServiceImageCell.swift; sourceTree = "<group>"; };
		BFAD578B219AE04C004B37D5 /* AddNewServiceImageCell.xib */ = {isa = PBXFileReference; fileEncoding = 4; lastKnownFileType = file.xib; path = AddNewServiceImageCell.xib; sourceTree = "<group>"; };
		BFAD578E219AF1A3004B37D5 /* EditMerchnatProfileVC.swift */ = {isa = PBXFileReference; lastKnownFileType = sourcecode.swift; path = EditMerchnatProfileVC.swift; sourceTree = "<group>"; };
		BFAD5790219AFBC8004B37D5 /* MerchantProfileVC.swift */ = {isa = PBXFileReference; lastKnownFileType = sourcecode.swift; path = MerchantProfileVC.swift; sourceTree = "<group>"; };
		BFAD5793219B00AC004B37D5 /* PostNewAdvertiseVC.swift */ = {isa = PBXFileReference; lastKnownFileType = sourcecode.swift; path = PostNewAdvertiseVC.swift; sourceTree = "<group>"; };
		BFAD5795219B09D7004B37D5 /* PostedAdvertiseVC.swift */ = {isa = PBXFileReference; lastKnownFileType = sourcecode.swift; path = PostedAdvertiseVC.swift; sourceTree = "<group>"; };
		BFAD5797219B0A7D004B37D5 /* PostedAdvertiseCell.swift */ = {isa = PBXFileReference; lastKnownFileType = sourcecode.swift; path = PostedAdvertiseCell.swift; sourceTree = "<group>"; };
		BFAD5798219B0A7D004B37D5 /* PostedAdvertiseCell.xib */ = {isa = PBXFileReference; lastKnownFileType = file.xib; path = PostedAdvertiseCell.xib; sourceTree = "<group>"; };
		BFAF2FBB21761E1A0048C7F6 /* ContactUsVC.swift */ = {isa = PBXFileReference; fileEncoding = 4; lastKnownFileType = sourcecode.swift; path = ContactUsVC.swift; sourceTree = "<group>"; };
		BFAF5EAA218728B800E591F0 /* MembershipPlanListVC.swift */ = {isa = PBXFileReference; lastKnownFileType = sourcecode.swift; path = MembershipPlanListVC.swift; sourceTree = "<group>"; };
		BFAF5EAC218728D300E591F0 /* MembershipPlanCell.swift */ = {isa = PBXFileReference; lastKnownFileType = sourcecode.swift; path = MembershipPlanCell.swift; sourceTree = "<group>"; };
		BFAF5EAD218728D300E591F0 /* MembershipPlanCell.xib */ = {isa = PBXFileReference; lastKnownFileType = file.xib; path = MembershipPlanCell.xib; sourceTree = "<group>"; };
		BFB4824C21771E300035DDDF /* SingleImageCell.swift */ = {isa = PBXFileReference; lastKnownFileType = sourcecode.swift; path = SingleImageCell.swift; sourceTree = "<group>"; };
		BFB4824D21771E300035DDDF /* SingleImageCell.xib */ = {isa = PBXFileReference; lastKnownFileType = file.xib; path = SingleImageCell.xib; sourceTree = "<group>"; };
		BFB4825021771E4E0035DDDF /* TwoImageCell.swift */ = {isa = PBXFileReference; lastKnownFileType = sourcecode.swift; path = TwoImageCell.swift; sourceTree = "<group>"; };
		BFB4825121771E4E0035DDDF /* TwoImageCell.xib */ = {isa = PBXFileReference; lastKnownFileType = file.xib; path = TwoImageCell.xib; sourceTree = "<group>"; };
		BFC780A5216F0D790054D7D2 /* ProfileVC.swift */ = {isa = PBXFileReference; lastKnownFileType = sourcecode.swift; path = ProfileVC.swift; sourceTree = "<group>"; };
		BFC780A7216F25BF0054D7D2 /* EditProfileVC.swift */ = {isa = PBXFileReference; fileEncoding = 4; lastKnownFileType = sourcecode.swift; path = EditProfileVC.swift; sourceTree = "<group>"; };
		BFC780AA216F2A0E0054D7D2 /* ImageCropper.swift */ = {isa = PBXFileReference; fileEncoding = 4; lastKnownFileType = sourcecode.swift; path = ImageCropper.swift; sourceTree = "<group>"; };
		BFC99BB82168CD6700A2212B /* SearchBusinessVC.swift */ = {isa = PBXFileReference; lastKnownFileType = sourcecode.swift; path = SearchBusinessVC.swift; sourceTree = "<group>"; };
		BFC99BBA2168CE4500A2212B /* PageVC.swift */ = {isa = PBXFileReference; lastKnownFileType = sourcecode.swift; path = PageVC.swift; sourceTree = "<group>"; };
		BFC99BBD2168D37800A2212B /* AboutUsVC.swift */ = {isa = PBXFileReference; fileEncoding = 4; lastKnownFileType = sourcecode.swift; path = AboutUsVC.swift; sourceTree = "<group>"; };
		BFC99BC02168D96F00A2212B /* ChangePasswordVC.swift */ = {isa = PBXFileReference; fileEncoding = 4; lastKnownFileType = sourcecode.swift; path = ChangePasswordVC.swift; sourceTree = "<group>"; };
		BFC99BC32168D9E300A2212B /* NotificationSettingVC.swift */ = {isa = PBXFileReference; fileEncoding = 4; lastKnownFileType = sourcecode.swift; path = NotificationSettingVC.swift; sourceTree = "<group>"; };
		BFCD6E2421676DA7007794A9 /* LoginVC.swift */ = {isa = PBXFileReference; lastKnownFileType = sourcecode.swift; path = LoginVC.swift; sourceTree = "<group>"; };
		BFD4891A219C0A99008F0448 /* SubCategoryListVC.swift */ = {isa = PBXFileReference; lastKnownFileType = sourcecode.swift; path = SubCategoryListVC.swift; sourceTree = "<group>"; };
		BFD4891C219C0E9A008F0448 /* SubCategoryCell.swift */ = {isa = PBXFileReference; lastKnownFileType = sourcecode.swift; path = SubCategoryCell.swift; sourceTree = "<group>"; };
		BFD4891D219C0E9A008F0448 /* SubCategoryCell.xib */ = {isa = PBXFileReference; lastKnownFileType = file.xib; path = SubCategoryCell.xib; sourceTree = "<group>"; };
		BFD48921219C1E6C008F0448 /* ReceivedReviewsListVC.swift */ = {isa = PBXFileReference; lastKnownFileType = sourcecode.swift; path = ReceivedReviewsListVC.swift; sourceTree = "<group>"; };
		BFD48923219C1EB8008F0448 /* ReceivedReviewCell.swift */ = {isa = PBXFileReference; lastKnownFileType = sourcecode.swift; path = ReceivedReviewCell.swift; sourceTree = "<group>"; };
		BFD48924219C1EB8008F0448 /* ReceivedReviewCell.xib */ = {isa = PBXFileReference; lastKnownFileType = file.xib; path = ReceivedReviewCell.xib; sourceTree = "<group>"; };
		BFD48928219C2803008F0448 /* ChatCell.xib */ = {isa = PBXFileReference; fileEncoding = 4; lastKnownFileType = file.xib; path = ChatCell.xib; sourceTree = "<group>"; };
		BFD48929219C2804008F0448 /* ChatCell.swift */ = {isa = PBXFileReference; fileEncoding = 4; lastKnownFileType = sourcecode.swift; path = ChatCell.swift; sourceTree = "<group>"; };
		BFD4892A219C2804008F0448 /* ChatVC.swift */ = {isa = PBXFileReference; fileEncoding = 4; lastKnownFileType = sourcecode.swift; path = ChatVC.swift; sourceTree = "<group>"; };
		BFD4892B219C2805008F0448 /* ChatReceiveCell.xib */ = {isa = PBXFileReference; fileEncoding = 4; lastKnownFileType = file.xib; path = ChatReceiveCell.xib; sourceTree = "<group>"; };
		BFD4892C219C2805008F0448 /* ChatReceiveCell.swift */ = {isa = PBXFileReference; fileEncoding = 4; lastKnownFileType = sourcecode.swift; path = ChatReceiveCell.swift; sourceTree = "<group>"; };
		BFE24E5F216B158F0081CEB2 /* PaymentHistoryVC.swift */ = {isa = PBXFileReference; fileEncoding = 4; lastKnownFileType = sourcecode.swift; path = PaymentHistoryVC.swift; sourceTree = "<group>"; };
		BFE24E62216B16280081CEB2 /* InviteFriendCell.swift */ = {isa = PBXFileReference; fileEncoding = 4; lastKnownFileType = sourcecode.swift; path = InviteFriendCell.swift; sourceTree = "<group>"; };
		BFE24E63216B16280081CEB2 /* InviteFriendCell.xib */ = {isa = PBXFileReference; fileEncoding = 4; lastKnownFileType = file.xib; path = InviteFriendCell.xib; sourceTree = "<group>"; };
		BFE24E64216B16280081CEB2 /* InviteFriendVC.swift */ = {isa = PBXFileReference; fileEncoding = 4; lastKnownFileType = sourcecode.swift; path = InviteFriendVC.swift; sourceTree = "<group>"; };
		BFE24E65216B16280081CEB2 /* SendInviteVC.swift */ = {isa = PBXFileReference; fileEncoding = 4; lastKnownFileType = sourcecode.swift; path = SendInviteVC.swift; sourceTree = "<group>"; };
		BFE24E6B216B1EE20081CEB2 /* PostedReviewsVC.swift */ = {isa = PBXFileReference; lastKnownFileType = sourcecode.swift; path = PostedReviewsVC.swift; sourceTree = "<group>"; };
		BFE24E72216B1FE40081CEB2 /* ReviewPopUpVC.swift */ = {isa = PBXFileReference; fileEncoding = 4; lastKnownFileType = sourcecode.swift; path = ReviewPopUpVC.swift; sourceTree = "<group>"; };
		BFE24E74216B32F90081CEB2 /* SignUpVC.swift */ = {isa = PBXFileReference; fileEncoding = 4; lastKnownFileType = sourcecode.swift; path = SignUpVC.swift; sourceTree = "<group>"; };
		BFE24E76216B37090081CEB2 /* MyWalletCell.swift */ = {isa = PBXFileReference; fileEncoding = 4; lastKnownFileType = sourcecode.swift; path = MyWalletCell.swift; sourceTree = "<group>"; };
		BFE24E77216B370A0081CEB2 /* MyWalletCell.xib */ = {isa = PBXFileReference; fileEncoding = 4; lastKnownFileType = file.xib; path = MyWalletCell.xib; sourceTree = "<group>"; };
		BFE24E7B216B69CA0081CEB2 /* FavouriteBusinessVC.swift */ = {isa = PBXFileReference; lastKnownFileType = sourcecode.swift; path = FavouriteBusinessVC.swift; sourceTree = "<group>"; };
		BFE24E81216B6A860081CEB2 /* FavouriteBusinessCell.swift */ = {isa = PBXFileReference; lastKnownFileType = sourcecode.swift; path = FavouriteBusinessCell.swift; sourceTree = "<group>"; };
		BFE24E82216B6A860081CEB2 /* FavouriteBusinessCell.xib */ = {isa = PBXFileReference; lastKnownFileType = file.xib; path = FavouriteBusinessCell.xib; sourceTree = "<group>"; };
		BFE8FBE62166188400B8066E /* Explore Local.app */ = {isa = PBXFileReference; explicitFileType = wrapper.application; includeInIndex = 0; path = "Explore Local.app"; sourceTree = BUILT_PRODUCTS_DIR; };
		BFE8FBE92166188400B8066E /* AppDelegate.swift */ = {isa = PBXFileReference; lastKnownFileType = sourcecode.swift; path = AppDelegate.swift; sourceTree = "<group>"; };
		BFE8FBEE2166188400B8066E /* Base */ = {isa = PBXFileReference; lastKnownFileType = file.storyboard; name = Base; path = Base.lproj/Main.storyboard; sourceTree = "<group>"; };
		BFE8FBF12166188400B8066E /* Reviews_And_Rattings.xcdatamodel */ = {isa = PBXFileReference; lastKnownFileType = wrapper.xcdatamodel; path = Reviews_And_Rattings.xcdatamodel; sourceTree = "<group>"; };
		BFE8FBF62166188600B8066E /* Base */ = {isa = PBXFileReference; lastKnownFileType = file.storyboard; name = Base; path = Base.lproj/LaunchScreen.storyboard; sourceTree = "<group>"; };
		BFE8FBF82166188600B8066E /* Info.plist */ = {isa = PBXFileReference; lastKnownFileType = text.plist.xml; path = Info.plist; sourceTree = "<group>"; };
		BFE8FBFF216618C800B8066E /* Modal.swift */ = {isa = PBXFileReference; fileEncoding = 4; lastKnownFileType = sourcecode.swift; path = Modal.swift; sourceTree = "<group>"; };
		BFE8FC00216618C800B8066E /* WebRequester.swift */ = {isa = PBXFileReference; fileEncoding = 4; lastKnownFileType = sourcecode.swift; path = WebRequester.swift; sourceTree = "<group>"; };
		BFE8FC04216618D400B8066E /* BaseTableViewCell.swift */ = {isa = PBXFileReference; fileEncoding = 4; lastKnownFileType = sourcecode.swift; path = BaseTableViewCell.swift; sourceTree = "<group>"; };
		BFE8FC05216618D400B8066E /* BaseViewController.swift */ = {isa = PBXFileReference; fileEncoding = 4; lastKnownFileType = sourcecode.swift; path = BaseViewController.swift; sourceTree = "<group>"; };
		BFE8FC06216618D400B8066E /* Constant.swift */ = {isa = PBXFileReference; fileEncoding = 4; lastKnownFileType = sourcecode.swift; path = Constant.swift; sourceTree = "<group>"; };
		BFE8FC07216618D400B8066E /* CustomColor.swift */ = {isa = PBXFileReference; fileEncoding = 4; lastKnownFileType = sourcecode.swift; path = CustomColor.swift; sourceTree = "<group>"; };
		BFE8FC08216618D400B8066E /* CustomControl.swift */ = {isa = PBXFileReference; fileEncoding = 4; lastKnownFileType = sourcecode.swift; path = CustomControl.swift; sourceTree = "<group>"; };
		BFE8FC09216618D400B8066E /* CustomFont.swift */ = {isa = PBXFileReference; fileEncoding = 4; lastKnownFileType = sourcecode.swift; path = CustomFont.swift; sourceTree = "<group>"; };
		BFE8FC0A216618D400B8066E /* DataManager.swift */ = {isa = PBXFileReference; fileEncoding = 4; lastKnownFileType = sourcecode.swift; path = DataManager.swift; sourceTree = "<group>"; };
		BFE8FC0B216618D400B8066E /* Extenstions.swift */ = {isa = PBXFileReference; fileEncoding = 4; lastKnownFileType = sourcecode.swift; path = Extenstions.swift; sourceTree = "<group>"; };
		BFE8FC0C216618D400B8066E /* UserData.swift */ = {isa = PBXFileReference; fileEncoding = 4; lastKnownFileType = sourcecode.swift; path = UserData.swift; sourceTree = "<group>"; };
		BFE8FC1721661BAE00B8066E /* NavigationBarView.swift */ = {isa = PBXFileReference; fileEncoding = 4; lastKnownFileType = sourcecode.swift; path = NavigationBarView.swift; sourceTree = "<group>"; };
		BFE8FC1821661BAE00B8066E /* NavigationBarView.xib */ = {isa = PBXFileReference; fileEncoding = 4; lastKnownFileType = file.xib; path = NavigationBarView.xib; sourceTree = "<group>"; };
		BFE8FC1921661BAE00B8066E /* StatusBarView.swift */ = {isa = PBXFileReference; fileEncoding = 4; lastKnownFileType = sourcecode.swift; path = StatusBarView.swift; sourceTree = "<group>"; };
		BFE8FC1A21661BAE00B8066E /* StatusBarView.xib */ = {isa = PBXFileReference; fileEncoding = 4; lastKnownFileType = file.xib; path = StatusBarView.xib; sourceTree = "<group>"; };
		BFFB534C218B2A7900CB601B /* BuisnessDetailVC.swift */ = {isa = PBXFileReference; lastKnownFileType = sourcecode.swift; path = BuisnessDetailVC.swift; sourceTree = "<group>"; };
		BFFB77132174B6C500D22FB5 /* Montserrat-Black.otf */ = {isa = PBXFileReference; lastKnownFileType = file; path = "Montserrat-Black.otf"; sourceTree = "<group>"; };
		BFFB77142174B6C700D22FB5 /* Montserrat-ExtraBold.otf */ = {isa = PBXFileReference; lastKnownFileType = file; path = "Montserrat-ExtraBold.otf"; sourceTree = "<group>"; };
		BFFB77152174B6C900D22FB5 /* Montserrat-Regular.otf */ = {isa = PBXFileReference; lastKnownFileType = file; path = "Montserrat-Regular.otf"; sourceTree = "<group>"; };
		BFFB77162174B6CC00D22FB5 /* Montserrat-Bold.otf */ = {isa = PBXFileReference; lastKnownFileType = file; path = "Montserrat-Bold.otf"; sourceTree = "<group>"; };
		BFFB77172174B6CE00D22FB5 /* Montserrat-Light.otf */ = {isa = PBXFileReference; lastKnownFileType = file; path = "Montserrat-Light.otf"; sourceTree = "<group>"; };
		BFFB77182174B6D000D22FB5 /* Montserrat-Hairline.otf */ = {isa = PBXFileReference; lastKnownFileType = file; path = "Montserrat-Hairline.otf"; sourceTree = "<group>"; };
		BFFB77192174B6D200D22FB5 /* Montserrat-UltraLight.otf */ = {isa = PBXFileReference; lastKnownFileType = file; path = "Montserrat-UltraLight.otf"; sourceTree = "<group>"; };
		BFFB771A2174B6D400D22FB5 /* Montserrat-SemiBold.otf */ = {isa = PBXFileReference; lastKnownFileType = file; path = "Montserrat-SemiBold.otf"; sourceTree = "<group>"; };
		C3C20F26400829CB317E2A7B /* Pods_Reviews_And_Rattings.framework */ = {isa = PBXFileReference; explicitFileType = wrapper.framework; includeInIndex = 0; path = Pods_Reviews_And_Rattings.framework; sourceTree = BUILT_PRODUCTS_DIR; };
		CF20BCC0944DE69C06CE469D /* Pods-Explore Local.debug.xcconfig */ = {isa = PBXFileReference; includeInIndex = 1; lastKnownFileType = text.xcconfig; name = "Pods-Explore Local.debug.xcconfig"; path = "Pods/Target Support Files/Pods-Explore Local/Pods-Explore Local.debug.xcconfig"; sourceTree = "<group>"; };
		D90CFC785D5E2B512A892611 /* Pods-Reviews_And_Rattings.release.xcconfig */ = {isa = PBXFileReference; includeInIndex = 1; lastKnownFileType = text.xcconfig; name = "Pods-Reviews_And_Rattings.release.xcconfig"; path = "Pods/Target Support Files/Pods-Reviews_And_Rattings/Pods-Reviews_And_Rattings.release.xcconfig"; sourceTree = "<group>"; };
		F060905918F6C3C272A4F675 /* Pods-Explore Local.release.xcconfig */ = {isa = PBXFileReference; includeInIndex = 1; lastKnownFileType = text.xcconfig; name = "Pods-Explore Local.release.xcconfig"; path = "Pods/Target Support Files/Pods-Explore Local/Pods-Explore Local.release.xcconfig"; sourceTree = "<group>"; };
/* End PBXFileReference section */

/* Begin PBXFrameworksBuildPhase section */
		BFE8FBE32166188400B8066E /* Frameworks */ = {
			isa = PBXFrameworksBuildPhase;
			buildActionMask = 2147483647;
			files = (
				F840A1246909C32BCE81AEF1 /* Pods_Explore_Local.framework in Frameworks */,
				84D76A3E228FDA06001B08ED /* StoreKit.framework in Frameworks */,
			);
			runOnlyForDeploymentPostprocessing = 0;
		};
/* End PBXFrameworksBuildPhase section */

/* Begin PBXGroup section */
		1D01A3D4A4030B294685E0E8 /* Frameworks */ = {
			isa = PBXGroup;
			children = (
				84D76A3D228FDA06001B08ED /* StoreKit.framework */,
				C3C20F26400829CB317E2A7B /* Pods_Reviews_And_Rattings.framework */,
				142CE4CEC847A51579F1972F /* Pods_Explore_Local.framework */,
			);
			name = Frameworks;
			sourceTree = "<group>";
		};
		8439174D21F5DB5C005D9E6F /* RelatedBusiness */ = {
			isa = PBXGroup;
			children = (
				8439174E21F5DB79005D9E6F /* RelatedBusinessVCViewController.swift */,
			);
			path = RelatedBusiness;
			sourceTree = "<group>";
		};
		843D56B521E737DC006AD6EB /* Comments */ = {
			isa = PBXGroup;
			children = (
				843D56B621E737F8006AD6EB /* CommentsVC.swift */,
			);
			path = Comments;
			sourceTree = "<group>";
		};
		BF4D22042181A7590011AA97 /* Side Navigation */ = {
			isa = PBXGroup;
			children = (
				BF4D22052181A7590011AA97 /* MSSideNavigationVC.swift */,
			);
			path = "Side Navigation";
			sourceTree = "<group>";
		};
		BF4D22072181DF910011AA97 /* Posted Business */ = {
			isa = PBXGroup;
			children = (
				BF4D22082181DFCC0011AA97 /* PostedBusinessCell.swift */,
				BF4D22092181DFCC0011AA97 /* PostedBusinessCell.xib */,
				BF4D220C2181E3F80011AA97 /* PostedBuisnessVC.swift */,
			);
			path = "Posted Business";
			sourceTree = "<group>";
		};
		BF8376052167A3AA007D5302 /* Home */ = {
			isa = PBXGroup;
			children = (
				BF8376062167A3E1007D5302 /* BusinessListCell.swift */,
				BF8376072167A3E1007D5302 /* BusinessListCell.xib */,
				BF83760A2167A510007D5302 /* HomeVC.swift */,
				BFC99BB82168CD6700A2212B /* SearchBusinessVC.swift */,
				BFC99BBA2168CE4500A2212B /* PageVC.swift */,
				BFB4824C21771E300035DDDF /* SingleImageCell.swift */,
				BFB4824D21771E300035DDDF /* SingleImageCell.xib */,
				BFB4825021771E4E0035DDDF /* TwoImageCell.swift */,
				BFB4825121771E4E0035DDDF /* TwoImageCell.xib */,
			);
			path = Home;
			sourceTree = "<group>";
		};
		BF90A47C218C344E00A564DC /* Cliam Business */ = {
			isa = PBXGroup;
			children = (
				BF90A47D218C347300A564DC /* ClaimBusinessVC.swift */,
			);
			path = "Cliam Business";
			sourceTree = "<group>";
		};
		BF90A47F218C54BA00A564DC /* SearchPage */ = {
			isa = PBXGroup;
			children = (
				BF90A480218C54FA00A564DC /* SearchResultVC.swift */,
				BF90A482218C608E00A564DC /* SeachBusinessCell.swift */,
				BF90A483218C608E00A564DC /* SeachBusinessCell.xib */,
				BF181F6721A3DA220070DCE9 /* CategoryFilterCell.swift */,
				BF181F6821A3DA220070DCE9 /* CategoryFilterCell.xib */,
			);
			path = SearchPage;
			sourceTree = "<group>";
		};
		BFAD5787219ADC3D004B37D5 /* Add New Business */ = {
			isa = PBXGroup;
			children = (
				BFAD578A219AE04B004B37D5 /* AddNewServiceImageCell.swift */,
				BFAD578B219AE04C004B37D5 /* AddNewServiceImageCell.xib */,
				BFAD5788219ADC67004B37D5 /* AddNewBusinessVC.swift */,
				BF3512F521B670FF0089A010 /* FacilityCell.swift */,
				BF3512F621B670FF0089A010 /* FacilityCell.xib */,
			);
			path = "Add New Business";
			sourceTree = "<group>";
		};
		BFAD5792219B0085004B37D5 /* Post Advrtise */ = {
			isa = PBXGroup;
			children = (
				BFAD5793219B00AC004B37D5 /* PostNewAdvertiseVC.swift */,
				BFAD5795219B09D7004B37D5 /* PostedAdvertiseVC.swift */,
				BFAD5797219B0A7D004B37D5 /* PostedAdvertiseCell.swift */,
				BFAD5798219B0A7D004B37D5 /* PostedAdvertiseCell.xib */,
			);
			path = "Post Advrtise";
			sourceTree = "<group>";
		};
		BFAF2FBA21761E060048C7F6 /* Contact Us */ = {
			isa = PBXGroup;
			children = (
				BFAF2FBB21761E1A0048C7F6 /* ContactUsVC.swift */,
			);
			path = "Contact Us";
			sourceTree = "<group>";
		};
		BFAF5EA92187289A00E591F0 /* MemberShip Plan */ = {
			isa = PBXGroup;
			children = (
				BFAF5EAA218728B800E591F0 /* MembershipPlanListVC.swift */,
				BFAF5EAC218728D300E591F0 /* MembershipPlanCell.swift */,
				BFAF5EAD218728D300E591F0 /* MembershipPlanCell.xib */,
			);
			path = "MemberShip Plan";
			sourceTree = "<group>";
		};
		BFC780A4216F0D590054D7D2 /* Profile */ = {
			isa = PBXGroup;
			children = (
				BFC780A7216F25BF0054D7D2 /* EditProfileVC.swift */,
				BFC780A5216F0D790054D7D2 /* ProfileVC.swift */,
				BFAD578E219AF1A3004B37D5 /* EditMerchnatProfileVC.swift */,
				BFAD5790219AFBC8004B37D5 /* MerchantProfileVC.swift */,
			);
			path = Profile;
			sourceTree = "<group>";
		};
		BFC780A9216F2A0E0054D7D2 /* ImageCropper */ = {
			isa = PBXGroup;
			children = (
				BFC780AA216F2A0E0054D7D2 /* ImageCropper.swift */,
			);
			path = ImageCropper;
			sourceTree = "<group>";
		};
		BFC99BBC2168D37800A2212B /* AboutUs */ = {
			isa = PBXGroup;
			children = (
				BFC99BBD2168D37800A2212B /* AboutUsVC.swift */,
			);
			path = AboutUs;
			sourceTree = "<group>";
		};
		BFC99BBF2168D96F00A2212B /* Account Settings */ = {
			isa = PBXGroup;
			children = (
				BFC99BC02168D96F00A2212B /* ChangePasswordVC.swift */,
			);
			path = "Account Settings";
			sourceTree = "<group>";
		};
		BFC99BC22168D9D200A2212B /* Notifications */ = {
			isa = PBXGroup;
			children = (
				BFC99BC32168D9E300A2212B /* NotificationSettingVC.swift */,
				BF88808B219D2F6600EBE503 /* NotificationVC.swift */,
				BF88808D219D2FDE00EBE503 /* NotificationCell.swift */,
				BF88808E219D2FDE00EBE503 /* NotificationCell.xib */,
			);
			path = Notifications;
			sourceTree = "<group>";
		};
		BFCD6E2321676D73007794A9 /* Sign In & Sign Up */ = {
			isa = PBXGroup;
			children = (
				BFE24E74216B32F90081CEB2 /* SignUpVC.swift */,
				BFCD6E2421676DA7007794A9 /* LoginVC.swift */,
			);
			path = "Sign In & Sign Up";
			sourceTree = "<group>";
		};
		BFD48919219C078B008F0448 /* SubCategory */ = {
			isa = PBXGroup;
			children = (
				BFD4891A219C0A99008F0448 /* SubCategoryListVC.swift */,
				BFD4891C219C0E9A008F0448 /* SubCategoryCell.swift */,
				BFD4891D219C0E9A008F0448 /* SubCategoryCell.xib */,
			);
			path = SubCategory;
			sourceTree = "<group>";
		};
		BFD48920219C1E44008F0448 /* Received Reviews */ = {
			isa = PBXGroup;
			children = (
				BFD48921219C1E6C008F0448 /* ReceivedReviewsListVC.swift */,
				BFD48923219C1EB8008F0448 /* ReceivedReviewCell.swift */,
				BFD48924219C1EB8008F0448 /* ReceivedReviewCell.xib */,
			);
			path = "Received Reviews";
			sourceTree = "<group>";
		};
		BFD48927219C27F6008F0448 /* Chat */ = {
			isa = PBXGroup;
			children = (
				8412D53D21E73102007CFB97 /* MessagesCell.swift */,
				8412D53C21E73102007CFB97 /* MessagesCell.xib */,
				8412D53A21E73072007CFB97 /* MessagesVC.swift */,
				BFD48929219C2804008F0448 /* ChatCell.swift */,
				BFD48928219C2803008F0448 /* ChatCell.xib */,
				BFD4892C219C2805008F0448 /* ChatReceiveCell.swift */,
				BFD4892B219C2805008F0448 /* ChatReceiveCell.xib */,
				BFD4892A219C2804008F0448 /* ChatVC.swift */,
			);
			path = Chat;
			sourceTree = "<group>";
		};
		BFE24E5E216B15820081CEB2 /* Payment History */ = {
			isa = PBXGroup;
			children = (
				BFE24E76216B37090081CEB2 /* MyWalletCell.swift */,
				BFE24E77216B370A0081CEB2 /* MyWalletCell.xib */,
				BFE24E5F216B158F0081CEB2 /* PaymentHistoryVC.swift */,
			);
			path = "Payment History";
			sourceTree = "<group>";
		};
		BFE24E61216B16280081CEB2 /* InviteFriends */ = {
			isa = PBXGroup;
			children = (
				BFE24E62216B16280081CEB2 /* InviteFriendCell.swift */,
				BFE24E63216B16280081CEB2 /* InviteFriendCell.xib */,
				BFE24E64216B16280081CEB2 /* InviteFriendVC.swift */,
				BFE24E65216B16280081CEB2 /* SendInviteVC.swift */,
			);
			path = InviteFriends;
			sourceTree = "<group>";
		};
		BFE24E6A216B1EC70081CEB2 /* Posted Reviews & ratings */ = {
			isa = PBXGroup;
			children = (
				BFE24E6B216B1EE20081CEB2 /* PostedReviewsVC.swift */,
			);
			path = "Posted Reviews & ratings";
			sourceTree = "<group>";
		};
		BFE24E71216B1FE40081CEB2 /* PopUp Review */ = {
			isa = PBXGroup;
			children = (
				BFE24E72216B1FE40081CEB2 /* ReviewPopUpVC.swift */,
			);
			path = "PopUp Review";
			sourceTree = "<group>";
		};
		BFE24E7A216B69A20081CEB2 /* Favourite Business */ = {
			isa = PBXGroup;
			children = (
				BFAD5785219ABDDB004B37D5 /* PinterestLayout.swift */,
				BFE24E7B216B69CA0081CEB2 /* FavouriteBusinessVC.swift */,
				BFE24E81216B6A860081CEB2 /* FavouriteBusinessCell.swift */,
				BFE24E82216B6A860081CEB2 /* FavouriteBusinessCell.xib */,
			);
			path = "Favourite Business";
			sourceTree = "<group>";
		};
		BFE8FBDD2166188400B8066E = {
			isa = PBXGroup;
			children = (
				84A365EF224BB55F00D8AB3A /* FavoriteActivity.swift */,
				8418B52A2248F6B900B18407 /* Splash.png */,
				BFE8FBE82166188400B8066E /* Explore Local */,
				BFE8FBE72166188400B8066E /* Products */,
				C3E781E6CF332D608FC437E3 /* Pods */,
				1D01A3D4A4030B294685E0E8 /* Frameworks */,
			);
			sourceTree = "<group>";
		};
		BFE8FBE72166188400B8066E /* Products */ = {
			isa = PBXGroup;
			children = (
				BFE8FBE62166188400B8066E /* Explore Local.app */,
			);
			name = Products;
			sourceTree = "<group>";
		};
		BFE8FBE82166188400B8066E /* Explore Local */ = {
			isa = PBXGroup;
			children = (
				8439174D21F5DB5C005D9E6F /* RelatedBusiness */,
				843D56B521E737DC006AD6EB /* Comments */,
				84CC1F3521DB453D00CD09A4 /* Explore Local.entitlements */,
				BFD48927219C27F6008F0448 /* Chat */,
				BFD48920219C1E44008F0448 /* Received Reviews */,
				BFD48919219C078B008F0448 /* SubCategory */,
				BFAD5792219B0085004B37D5 /* Post Advrtise */,
				BFAD5787219ADC3D004B37D5 /* Add New Business */,
				BF90A47F218C54BA00A564DC /* SearchPage */,
				BFFB534B218B2A4C00CB601B /* Business Detail */,
				BFAF5EA92187289A00E591F0 /* MemberShip Plan */,
				BF4D22072181DF910011AA97 /* Posted Business */,
				BF4D22042181A7590011AA97 /* Side Navigation */,
				BFFB77122174B6B000D22FB5 /* Fonts */,
				BFAF2FBA21761E060048C7F6 /* Contact Us */,
				BFC780A9216F2A0E0054D7D2 /* ImageCropper */,
				BFC780A4216F0D590054D7D2 /* Profile */,
				BFE24E7A216B69A20081CEB2 /* Favourite Business */,
				BFE24E71216B1FE40081CEB2 /* PopUp Review */,
				BFE24E6A216B1EC70081CEB2 /* Posted Reviews & ratings */,
				BFE24E61216B16280081CEB2 /* InviteFriends */,
				BFE24E5E216B15820081CEB2 /* Payment History */,
				BFC99BC22168D9D200A2212B /* Notifications */,
				BFC99BBF2168D96F00A2212B /* Account Settings */,
				BFC99BBC2168D37800A2212B /* AboutUs */,
				BF8376052167A3AA007D5302 /* Home */,
				BFCD6E2321676D73007794A9 /* Sign In & Sign Up */,
				BFE8FC1621661BAE00B8066E /* Navigation Bar */,
				BFE8FC03216618D400B8066E /* Helper Classess */,
				BFE8FBFE216618C800B8066E /* API Calling */,
				848B794621F9D3E300F0E750 /* mess.xcassets */,
				BFE8FBE92166188400B8066E /* AppDelegate.swift */,
				BFE8FBED2166188400B8066E /* Main.storyboard */,
				BF1462A821B7BD38002CA946 /* ImageCropper.storyboard */,
				BFE8FBF52166188600B8066E /* LaunchScreen.storyboard */,
				BFE8FBF82166188600B8066E /* Info.plist */,
				84A93095227D861600351603 /* GoogleService-Info.plist */,
				BFE8FBF02166188400B8066E /* Reviews_And_Rattings.xcdatamodeld */,
			);
			path = "Explore Local";
			sourceTree = "<group>";
		};
		BFE8FBFE216618C800B8066E /* API Calling */ = {
			isa = PBXGroup;
			children = (
				BFE8FBFF216618C800B8066E /* Modal.swift */,
				BFE8FC00216618C800B8066E /* WebRequester.swift */,
			);
			path = "API Calling";
			sourceTree = "<group>";
		};
		BFE8FC03216618D400B8066E /* Helper Classess */ = {
			isa = PBXGroup;
			children = (
				BFE8FC04216618D400B8066E /* BaseTableViewCell.swift */,
				84EFCD192293D190001F498E /* IAPHelper.swift */,
				BFE8FC05216618D400B8066E /* BaseViewController.swift */,
				BFE8FC06216618D400B8066E /* Constant.swift */,
				BFE8FC07216618D400B8066E /* CustomColor.swift */,
				BFE8FC08216618D400B8066E /* CustomControl.swift */,
				BFE8FC09216618D400B8066E /* CustomFont.swift */,
				BFE8FC0A216618D400B8066E /* DataManager.swift */,
				BFE8FC0B216618D400B8066E /* Extenstions.swift */,
				BFE8FC0C216618D400B8066E /* UserData.swift */,
			);
			path = "Helper Classess";
			sourceTree = "<group>";
		};
		BFE8FC1621661BAE00B8066E /* Navigation Bar */ = {
			isa = PBXGroup;
			children = (
				BFE8FC1721661BAE00B8066E /* NavigationBarView.swift */,
				BFE8FC1821661BAE00B8066E /* NavigationBarView.xib */,
				BFE8FC1921661BAE00B8066E /* StatusBarView.swift */,
				BFE8FC1A21661BAE00B8066E /* StatusBarView.xib */,
			);
			path = "Navigation Bar";
			sourceTree = "<group>";
		};
		BFFB534B218B2A4C00CB601B /* Business Detail */ = {
			isa = PBXGroup;
			children = (
				BF90A47C218C344E00A564DC /* Cliam Business */,
				BF90A470218C23BD00A564DC /* CommentCell.swift */,
				BF90A471218C23BD00A564DC /* CommentCell.xib */,
				BFFB534C218B2A7900CB601B /* BuisnessDetailVC.swift */,
				BF90A474218C257600A564DC /* CommentReplyCell.swift */,
				BF90A475218C257600A564DC /* CommentReplyCell.xib */,
				BF90A478218C286A00A564DC /* BusinessItemCell.swift */,
				BF90A479218C286A00A564DC /* BusinessItemCell.xib */,
				846DA4C221E4B82B006EEEAE /* CouponCell.swift */,
				846DA4C321E4B82B006EEEAE /* CouponCell.xib */,
				847514682230FC3000C904EA /* BusinessDetail.storyboard */,
			);
			path = "Business Detail";
			sourceTree = "<group>";
		};
		BFFB77122174B6B000D22FB5 /* Fonts */ = {
			isa = PBXGroup;
			children = (
				BFFB77132174B6C500D22FB5 /* Montserrat-Black.otf */,
				BFFB77162174B6CC00D22FB5 /* Montserrat-Bold.otf */,
				BFFB77142174B6C700D22FB5 /* Montserrat-ExtraBold.otf */,
				BFFB77182174B6D000D22FB5 /* Montserrat-Hairline.otf */,
				BFFB77172174B6CE00D22FB5 /* Montserrat-Light.otf */,
				BFFB77152174B6C900D22FB5 /* Montserrat-Regular.otf */,
				BFFB771A2174B6D400D22FB5 /* Montserrat-SemiBold.otf */,
				BFFB77192174B6D200D22FB5 /* Montserrat-UltraLight.otf */,
			);
			path = Fonts;
			sourceTree = "<group>";
		};
		C3E781E6CF332D608FC437E3 /* Pods */ = {
			isa = PBXGroup;
			children = (
				325B83CD95D1DC82995F69D0 /* Pods-Reviews_And_Rattings.debug.xcconfig */,
				D90CFC785D5E2B512A892611 /* Pods-Reviews_And_Rattings.release.xcconfig */,
				CF20BCC0944DE69C06CE469D /* Pods-Explore Local.debug.xcconfig */,
				F060905918F6C3C272A4F675 /* Pods-Explore Local.release.xcconfig */,
			);
			name = Pods;
			sourceTree = "<group>";
		};
/* End PBXGroup section */

/* Begin PBXNativeTarget section */
		BFE8FBE52166188400B8066E /* Explore Local */ = {
			isa = PBXNativeTarget;
			buildConfigurationList = BFE8FBFB2166188600B8066E /* Build configuration list for PBXNativeTarget "Explore Local" */;
			buildPhases = (
				82C2B8DC64F5411A682D82FC /* [CP] Check Pods Manifest.lock */,
				BFE8FBE22166188400B8066E /* Sources */,
				BFE8FBE32166188400B8066E /* Frameworks */,
				BFE8FBE42166188400B8066E /* Resources */,
				5AF0E669F53395E690D3AA19 /* [CP] Embed Pods Frameworks */,
				B8C07B241326DF1C71FBDC9E /* [CP] Copy Pods Resources */,
			);
			buildRules = (
			);
			dependencies = (
			);
			name = "Explore Local";
			productName = Reviews_And_Rattings;
			productReference = BFE8FBE62166188400B8066E /* Explore Local.app */;
			productType = "com.apple.product-type.application";
		};
/* End PBXNativeTarget section */

/* Begin PBXProject section */
		BFE8FBDE2166188400B8066E /* Project object */ = {
			isa = PBXProject;
			attributes = {
				LastSwiftUpdateCheck = 0940;
				LastUpgradeCheck = 0940;
				ORGANIZATIONNAME = NCrypted;
				TargetAttributes = {
					BFE8FBE52166188400B8066E = {
						CreatedOnToolsVersion = 9.4.1;
						SystemCapabilities = {
							com.apple.ApplePay = {
								enabled = 0;
							};
							com.apple.InAppPurchase = {
								enabled = 1;
							};
							com.apple.Push = {
								enabled = 1;
							};
						};
					};
				};
			};
			buildConfigurationList = BFE8FBE12166188400B8066E /* Build configuration list for PBXProject "Explore Local" */;
			compatibilityVersion = "Xcode 9.3";
			developmentRegion = en;
			hasScannedForEncodings = 0;
			knownRegions = (
				en,
				Base,
			);
			mainGroup = BFE8FBDD2166188400B8066E;
			productRefGroup = BFE8FBE72166188400B8066E /* Products */;
			projectDirPath = "";
			projectRoot = "";
			targets = (
				BFE8FBE52166188400B8066E /* Explore Local */,
			);
		};
/* End PBXProject section */

/* Begin PBXResourcesBuildPhase section */
		BFE8FBE42166188400B8066E /* Resources */ = {
			isa = PBXResourcesBuildPhase;
			buildActionMask = 2147483647;
			files = (
				BFE24E79216B370A0081CEB2 /* MyWalletCell.xib in Resources */,
				BF90A485218C608E00A564DC /* SeachBusinessCell.xib in Resources */,
				BFB4825321771E4E0035DDDF /* TwoImageCell.xib in Resources */,
				BF90A473218C23BD00A564DC /* CommentCell.xib in Resources */,
				BFFB77222174B6D600D22FB5 /* Montserrat-SemiBold.otf in Resources */,
				BF4D220B2181DFCC0011AA97 /* PostedBusinessCell.xib in Resources */,
				BFE24E84216B6A860081CEB2 /* FavouriteBusinessCell.xib in Resources */,
				84A93096227D861600351603 /* GoogleService-Info.plist in Resources */,
				BF8376092167A3E1007D5302 /* BusinessListCell.xib in Resources */,
				BF888090219D2FDE00EBE503 /* NotificationCell.xib in Resources */,
				BFFB77212174B6D600D22FB5 /* Montserrat-UltraLight.otf in Resources */,
				BF90A47B218C286A00A564DC /* BusinessItemCell.xib in Resources */,
				BFD4891F219C0E9A008F0448 /* SubCategoryCell.xib in Resources */,
				BFFB771B2174B6D600D22FB5 /* Montserrat-Black.otf in Resources */,
				BFFB771E2174B6D600D22FB5 /* Montserrat-Bold.otf in Resources */,
				BFFB77202174B6D600D22FB5 /* Montserrat-Hairline.otf in Resources */,
				BFB4824F21771E300035DDDF /* SingleImageCell.xib in Resources */,
				BF3512F821B670FF0089A010 /* FacilityCell.xib in Resources */,
				BFAF5EAF218728D300E591F0 /* MembershipPlanCell.xib in Resources */,
				BF181F6A21A3DA220070DCE9 /* CategoryFilterCell.xib in Resources */,
				846DA4C521E4B82B006EEEAE /* CouponCell.xib in Resources */,
				8418B52B2248F6BA00B18407 /* Splash.png in Resources */,
				8412D53E21E73103007CFB97 /* MessagesCell.xib in Resources */,
				848B794721F9D3E700F0E750 /* mess.xcassets in Resources */,
				BFFB771D2174B6D600D22FB5 /* Montserrat-Regular.otf in Resources */,
				BFAD578D219AE04C004B37D5 /* AddNewServiceImageCell.xib in Resources */,
				BFE8FBF72166188600B8066E /* LaunchScreen.storyboard in Resources */,
				BFE8FC1C21661BAE00B8066E /* NavigationBarView.xib in Resources */,
				BFE24E67216B16290081CEB2 /* InviteFriendCell.xib in Resources */,
				BFD48930219C2805008F0448 /* ChatReceiveCell.xib in Resources */,
				BFD48926219C1EB8008F0448 /* ReceivedReviewCell.xib in Resources */,
				847514692230FC3000C904EA /* BusinessDetail.storyboard in Resources */,
				BFFB771C2174B6D600D22FB5 /* Montserrat-ExtraBold.otf in Resources */,
				BFE8FC1E21661BAE00B8066E /* StatusBarView.xib in Resources */,
				BF90A477218C257700A564DC /* CommentReplyCell.xib in Resources */,
				BFE8FBEF2166188400B8066E /* Main.storyboard in Resources */,
				BFD4892D219C2805008F0448 /* ChatCell.xib in Resources */,
				BFAD579A219B0A7D004B37D5 /* PostedAdvertiseCell.xib in Resources */,
				BF1462A921B7BD38002CA946 /* ImageCropper.storyboard in Resources */,
				BFFB771F2174B6D600D22FB5 /* Montserrat-Light.otf in Resources */,
			);
			runOnlyForDeploymentPostprocessing = 0;
		};
/* End PBXResourcesBuildPhase section */

/* Begin PBXShellScriptBuildPhase section */
		5AF0E669F53395E690D3AA19 /* [CP] Embed Pods Frameworks */ = {
			isa = PBXShellScriptBuildPhase;
			buildActionMask = 2147483647;
			files = (
			);
			inputPaths = (
				"${SRCROOT}/Pods/Target Support Files/Pods-Explore Local/Pods-Explore Local-frameworks.sh",
				"${BUILT_PRODUCTS_DIR}/AFNetworking/AFNetworking.framework",
				"${BUILT_PRODUCTS_DIR}/Alamofire/Alamofire.framework",
				"${BUILT_PRODUCTS_DIR}/AlamofireImage/AlamofireImage.framework",
				"${BUILT_PRODUCTS_DIR}/Bolts/Bolts.framework",
				"${BUILT_PRODUCTS_DIR}/Cosmos/Cosmos.framework",
				"${BUILT_PRODUCTS_DIR}/FBSDKCoreKit/FBSDKCoreKit.framework",
				"${BUILT_PRODUCTS_DIR}/FBSDKLoginKit/FBSDKLoginKit.framework",
				"${BUILT_PRODUCTS_DIR}/FacebookCore/FacebookCore.framework",
				"${BUILT_PRODUCTS_DIR}/FacebookLogin/FacebookLogin.framework",
				"${BUILT_PRODUCTS_DIR}/GTMSessionFetcher/GTMSessionFetcher.framework",
				"${BUILT_PRODUCTS_DIR}/GoogleToolboxForMac/GoogleToolboxForMac.framework",
				"${BUILT_PRODUCTS_DIR}/IOSLinkedInAPIFix/IOSLinkedInAPIFix.framework",
				"${BUILT_PRODUCTS_DIR}/IQKeyboardManagerSwift/IQKeyboardManagerSwift.framework",
				"${BUILT_PRODUCTS_DIR}/ImageSlideshow/ImageSlideshow.framework",
				"${BUILT_PRODUCTS_DIR}/LGSideMenuController/LGSideMenuController.framework",
				"${BUILT_PRODUCTS_DIR}/LinkedinSwift/LinkedinSwift.framework",
				"${BUILT_PRODUCTS_DIR}/Stripe/Stripe.framework",
			);
			name = "[CP] Embed Pods Frameworks";
			outputPaths = (
				"${TARGET_BUILD_DIR}/${FRAMEWORKS_FOLDER_PATH}/AFNetworking.framework",
				"${TARGET_BUILD_DIR}/${FRAMEWORKS_FOLDER_PATH}/Alamofire.framework",
				"${TARGET_BUILD_DIR}/${FRAMEWORKS_FOLDER_PATH}/AlamofireImage.framework",
				"${TARGET_BUILD_DIR}/${FRAMEWORKS_FOLDER_PATH}/Bolts.framework",
				"${TARGET_BUILD_DIR}/${FRAMEWORKS_FOLDER_PATH}/Cosmos.framework",
				"${TARGET_BUILD_DIR}/${FRAMEWORKS_FOLDER_PATH}/FBSDKCoreKit.framework",
				"${TARGET_BUILD_DIR}/${FRAMEWORKS_FOLDER_PATH}/FBSDKLoginKit.framework",
				"${TARGET_BUILD_DIR}/${FRAMEWORKS_FOLDER_PATH}/FacebookCore.framework",
				"${TARGET_BUILD_DIR}/${FRAMEWORKS_FOLDER_PATH}/FacebookLogin.framework",
				"${TARGET_BUILD_DIR}/${FRAMEWORKS_FOLDER_PATH}/GTMSessionFetcher.framework",
				"${TARGET_BUILD_DIR}/${FRAMEWORKS_FOLDER_PATH}/GoogleToolboxForMac.framework",
				"${TARGET_BUILD_DIR}/${FRAMEWORKS_FOLDER_PATH}/IOSLinkedInAPIFix.framework",
				"${TARGET_BUILD_DIR}/${FRAMEWORKS_FOLDER_PATH}/IQKeyboardManagerSwift.framework",
				"${TARGET_BUILD_DIR}/${FRAMEWORKS_FOLDER_PATH}/ImageSlideshow.framework",
				"${TARGET_BUILD_DIR}/${FRAMEWORKS_FOLDER_PATH}/LGSideMenuController.framework",
				"${TARGET_BUILD_DIR}/${FRAMEWORKS_FOLDER_PATH}/LinkedinSwift.framework",
				"${TARGET_BUILD_DIR}/${FRAMEWORKS_FOLDER_PATH}/Stripe.framework",
			);
			runOnlyForDeploymentPostprocessing = 0;
			shellPath = /bin/sh;
			shellScript = "\"${SRCROOT}/Pods/Target Support Files/Pods-Explore Local/Pods-Explore Local-frameworks.sh\"\n";
			showEnvVarsInLog = 0;
		};
		82C2B8DC64F5411A682D82FC /* [CP] Check Pods Manifest.lock */ = {
			isa = PBXShellScriptBuildPhase;
			buildActionMask = 2147483647;
			files = (
			);
			inputPaths = (
				"${PODS_PODFILE_DIR_PATH}/Podfile.lock",
				"${PODS_ROOT}/Manifest.lock",
			);
			name = "[CP] Check Pods Manifest.lock";
			outputPaths = (
				"$(DERIVED_FILE_DIR)/Pods-Explore Local-checkManifestLockResult.txt",
			);
			runOnlyForDeploymentPostprocessing = 0;
			shellPath = /bin/sh;
			shellScript = "diff \"${PODS_PODFILE_DIR_PATH}/Podfile.lock\" \"${PODS_ROOT}/Manifest.lock\" > /dev/null\nif [ $? != 0 ] ; then\n    # print error to STDERR\n    echo \"error: The sandbox is not in sync with the Podfile.lock. Run 'pod install' or update your CocoaPods installation.\" >&2\n    exit 1\nfi\n# This output is used by Xcode 'outputs' to avoid re-running this script phase.\necho \"SUCCESS\" > \"${SCRIPT_OUTPUT_FILE_0}\"\n";
			showEnvVarsInLog = 0;
		};
		B8C07B241326DF1C71FBDC9E /* [CP] Copy Pods Resources */ = {
			isa = PBXShellScriptBuildPhase;
			buildActionMask = 2147483647;
			files = (
			);
			inputPaths = (
				"${SRCROOT}/Pods/Target Support Files/Pods-Explore Local/Pods-Explore Local-resources.sh",
				"${PODS_ROOT}/GooglePlaces/Frameworks/GooglePlaces.framework/Resources/GooglePlaces.bundle",
				"${PODS_ROOT}/GoogleSignIn/Resources/GoogleSignIn.bundle",
			);
			name = "[CP] Copy Pods Resources";
			outputPaths = (
				"${TARGET_BUILD_DIR}/${UNLOCALIZED_RESOURCES_FOLDER_PATH}/GooglePlaces.bundle",
				"${TARGET_BUILD_DIR}/${UNLOCALIZED_RESOURCES_FOLDER_PATH}/GoogleSignIn.bundle",
			);
			runOnlyForDeploymentPostprocessing = 0;
			shellPath = /bin/sh;
			shellScript = "\"${SRCROOT}/Pods/Target Support Files/Pods-Explore Local/Pods-Explore Local-resources.sh\"\n";
			showEnvVarsInLog = 0;
		};
/* End PBXShellScriptBuildPhase section */

/* Begin PBXSourcesBuildPhase section */
		BFE8FBE22166188400B8066E /* Sources */ = {
			isa = PBXSourcesBuildPhase;
			buildActionMask = 2147483647;
			files = (
				BF90A481218C54FA00A564DC /* SearchResultVC.swift in Sources */,
				BFD48922219C1E6C008F0448 /* ReceivedReviewsListVC.swift in Sources */,
				BFE24E73216B1FE40081CEB2 /* ReviewPopUpVC.swift in Sources */,
				BFC780A6216F0D790054D7D2 /* ProfileVC.swift in Sources */,
				BFE24E78216B370A0081CEB2 /* MyWalletCell.swift in Sources */,
				BFE24E68216B16290081CEB2 /* InviteFriendVC.swift in Sources */,
				BFD4892F219C2805008F0448 /* ChatVC.swift in Sources */,
				BFAD5794219B00AC004B37D5 /* PostNewAdvertiseVC.swift in Sources */,
				BFD4891E219C0E9A008F0448 /* SubCategoryCell.swift in Sources */,
				BFE24E6C216B1EE20081CEB2 /* PostedReviewsVC.swift in Sources */,
				BFAD578F219AF1A3004B37D5 /* EditMerchnatProfileVC.swift in Sources */,
				BF8376082167A3E1007D5302 /* BusinessListCell.swift in Sources */,
				BFAD5786219ABDDB004B37D5 /* PinterestLayout.swift in Sources */,
				BF181F6921A3DA220070DCE9 /* CategoryFilterCell.swift in Sources */,
				84A365F0224BB55F00D8AB3A /* FavoriteActivity.swift in Sources */,
				BFD48925219C1EB8008F0448 /* ReceivedReviewCell.swift in Sources */,
				BFE8FC13216618D500B8066E /* DataManager.swift in Sources */,
				BFAD5789219ADC67004B37D5 /* AddNewBusinessVC.swift in Sources */,
				BFD4891B219C0A99008F0448 /* SubCategoryListVC.swift in Sources */,
				BFC780AB216F2A0E0054D7D2 /* ImageCropper.swift in Sources */,
				BFAF2FBC21761E1A0048C7F6 /* ContactUsVC.swift in Sources */,
				BFE8FC1D21661BAE00B8066E /* StatusBarView.swift in Sources */,
				BFE24E66216B16290081CEB2 /* InviteFriendCell.swift in Sources */,
				846DA4C421E4B82B006EEEAE /* CouponCell.swift in Sources */,
				BFB4825221771E4E0035DDDF /* TwoImageCell.swift in Sources */,
				BFAD578C219AE04C004B37D5 /* AddNewServiceImageCell.swift in Sources */,
				BFC99BB92168CD6700A2212B /* SearchBusinessVC.swift in Sources */,
				BFD4892E219C2805008F0448 /* ChatCell.swift in Sources */,
				BF88808F219D2FDE00EBE503 /* NotificationCell.swift in Sources */,
				BF3512F721B670FF0089A010 /* FacilityCell.swift in Sources */,
				BFE8FC15216618D500B8066E /* UserData.swift in Sources */,
				BFE8FC02216618C800B8066E /* WebRequester.swift in Sources */,
				BFE8FC10216618D500B8066E /* CustomColor.swift in Sources */,
				84EFCD1A2293D190001F498E /* IAPHelper.swift in Sources */,
				BFE8FBF22166188400B8066E /* Reviews_And_Rattings.xcdatamodeld in Sources */,
				BFFB534D218B2A7900CB601B /* BuisnessDetailVC.swift in Sources */,
				BFE8FC11216618D500B8066E /* CustomControl.swift in Sources */,
				BFC99BC12168D96F00A2212B /* ChangePasswordVC.swift in Sources */,
				8412D53B21E73072007CFB97 /* MessagesVC.swift in Sources */,
				BFAD5799219B0A7D004B37D5 /* PostedAdvertiseCell.swift in Sources */,
				BFD48931219C2805008F0448 /* ChatReceiveCell.swift in Sources */,
				BFC780A8216F25BF0054D7D2 /* EditProfileVC.swift in Sources */,
				BF4D220A2181DFCC0011AA97 /* PostedBusinessCell.swift in Sources */,
				BFAF5EAB218728B800E591F0 /* MembershipPlanListVC.swift in Sources */,
				843D56B721E737F8006AD6EB /* CommentsVC.swift in Sources */,
				BFE8FC0F216618D500B8066E /* Constant.swift in Sources */,
				BFE8FC12216618D500B8066E /* CustomFont.swift in Sources */,
				BF88808C219D2F6600EBE503 /* NotificationVC.swift in Sources */,
				BF4D220D2181E3F80011AA97 /* PostedBuisnessVC.swift in Sources */,
				BF90A47A218C286A00A564DC /* BusinessItemCell.swift in Sources */,
				BF90A47E218C347300A564DC /* ClaimBusinessVC.swift in Sources */,
				BF4D22062181A75A0011AA97 /* MSSideNavigationVC.swift in Sources */,
				BFAD5791219AFBC8004B37D5 /* MerchantProfileVC.swift in Sources */,
				BFE8FBEA2166188400B8066E /* AppDelegate.swift in Sources */,
				BFCD6E2521676DA7007794A9 /* LoginVC.swift in Sources */,
				BFE24E69216B16290081CEB2 /* SendInviteVC.swift in Sources */,
				BF83760B2167A510007D5302 /* HomeVC.swift in Sources */,
				BF90A476218C257700A564DC /* CommentReplyCell.swift in Sources */,
				BFAD5796219B09D7004B37D5 /* PostedAdvertiseVC.swift in Sources */,
				BFB4824E21771E300035DDDF /* SingleImageCell.swift in Sources */,
				BF90A472218C23BD00A564DC /* CommentCell.swift in Sources */,
				BF90A484218C608E00A564DC /* SeachBusinessCell.swift in Sources */,
				BFC99BC42168D9E300A2212B /* NotificationSettingVC.swift in Sources */,
				BFE8FC0D216618D500B8066E /* BaseTableViewCell.swift in Sources */,
				BFE24E75216B32F90081CEB2 /* SignUpVC.swift in Sources */,
				BFE24E83216B6A860081CEB2 /* FavouriteBusinessCell.swift in Sources */,
				BFE8FC0E216618D500B8066E /* BaseViewController.swift in Sources */,
				8412D53F21E73103007CFB97 /* MessagesCell.swift in Sources */,
				BFE8FC01216618C800B8066E /* Modal.swift in Sources */,
				BFE8FC14216618D500B8066E /* Extenstions.swift in Sources */,
				BFC99BBB2168CE4500A2212B /* PageVC.swift in Sources */,
				BFE24E7C216B69CA0081CEB2 /* FavouriteBusinessVC.swift in Sources */,
				BFC99BBE2168D37800A2212B /* AboutUsVC.swift in Sources */,
				BFE24E60216B158F0081CEB2 /* PaymentHistoryVC.swift in Sources */,
				8439174F21F5DB79005D9E6F /* RelatedBusinessVCViewController.swift in Sources */,
				BFAF5EAE218728D300E591F0 /* MembershipPlanCell.swift in Sources */,
				BFE8FC1B21661BAE00B8066E /* NavigationBarView.swift in Sources */,
			);
			runOnlyForDeploymentPostprocessing = 0;
		};
/* End PBXSourcesBuildPhase section */

/* Begin PBXVariantGroup section */
		BFE8FBED2166188400B8066E /* Main.storyboard */ = {
			isa = PBXVariantGroup;
			children = (
				BFE8FBEE2166188400B8066E /* Base */,
			);
			name = Main.storyboard;
			sourceTree = "<group>";
		};
		BFE8FBF52166188600B8066E /* LaunchScreen.storyboard */ = {
			isa = PBXVariantGroup;
			children = (
				BFE8FBF62166188600B8066E /* Base */,
			);
			name = LaunchScreen.storyboard;
			sourceTree = "<group>";
		};
/* End PBXVariantGroup section */

/* Begin XCBuildConfiguration section */
		BFE8FBF92166188600B8066E /* Debug */ = {
			isa = XCBuildConfiguration;
			buildSettings = {
				ALWAYS_SEARCH_USER_PATHS = NO;
				CLANG_ANALYZER_NONNULL = YES;
				CLANG_ANALYZER_NUMBER_OBJECT_CONVERSION = YES_AGGRESSIVE;
				CLANG_CXX_LANGUAGE_STANDARD = "gnu++14";
				CLANG_CXX_LIBRARY = "libc++";
				CLANG_ENABLE_MODULES = YES;
				CLANG_ENABLE_OBJC_ARC = YES;
				CLANG_ENABLE_OBJC_WEAK = YES;
				CLANG_WARN_BLOCK_CAPTURE_AUTORELEASING = YES;
				CLANG_WARN_BOOL_CONVERSION = YES;
				CLANG_WARN_COMMA = YES;
				CLANG_WARN_CONSTANT_CONVERSION = YES;
				CLANG_WARN_DEPRECATED_OBJC_IMPLEMENTATIONS = YES;
				CLANG_WARN_DIRECT_OBJC_ISA_USAGE = YES_ERROR;
				CLANG_WARN_DOCUMENTATION_COMMENTS = YES;
				CLANG_WARN_EMPTY_BODY = YES;
				CLANG_WARN_ENUM_CONVERSION = YES;
				CLANG_WARN_INFINITE_RECURSION = YES;
				CLANG_WARN_INT_CONVERSION = YES;
				CLANG_WARN_NON_LITERAL_NULL_CONVERSION = YES;
				CLANG_WARN_OBJC_IMPLICIT_RETAIN_SELF = YES;
				CLANG_WARN_OBJC_LITERAL_CONVERSION = YES;
				CLANG_WARN_OBJC_ROOT_CLASS = YES_ERROR;
				CLANG_WARN_RANGE_LOOP_ANALYSIS = YES;
				CLANG_WARN_STRICT_PROTOTYPES = YES;
				CLANG_WARN_SUSPICIOUS_MOVE = YES;
				CLANG_WARN_UNGUARDED_AVAILABILITY = YES_AGGRESSIVE;
				CLANG_WARN_UNREACHABLE_CODE = YES;
				CLANG_WARN__DUPLICATE_METHOD_MATCH = YES;
				CODE_SIGN_IDENTITY = "iPhone Distribution: BCSKAPP LLC (S672Z494UL)";
				COPY_PHASE_STRIP = NO;
				DEBUG_INFORMATION_FORMAT = dwarf;
				DEVELOPMENT_TEAM = S672Z494UL;
				ENABLE_STRICT_OBJC_MSGSEND = YES;
				ENABLE_TESTABILITY = YES;
				GCC_C_LANGUAGE_STANDARD = gnu11;
				GCC_DYNAMIC_NO_PIC = NO;
				GCC_NO_COMMON_BLOCKS = YES;
				GCC_OPTIMIZATION_LEVEL = 0;
				GCC_PREPROCESSOR_DEFINITIONS = (
					"DEBUG=1",
					"$(inherited)",
				);
				GCC_WARN_64_TO_32_BIT_CONVERSION = YES;
				GCC_WARN_ABOUT_RETURN_TYPE = YES_ERROR;
				GCC_WARN_UNDECLARED_SELECTOR = YES;
				GCC_WARN_UNINITIALIZED_AUTOS = YES_AGGRESSIVE;
				GCC_WARN_UNUSED_FUNCTION = YES;
				GCC_WARN_UNUSED_VARIABLE = YES;
				IPHONEOS_DEPLOYMENT_TARGET = 10.0;
				MTL_ENABLE_DEBUG_INFO = YES;
				ONLY_ACTIVE_ARCH = YES;
				PROVISIONING_PROFILE = "";
				SDKROOT = iphoneos;
				SWIFT_ACTIVE_COMPILATION_CONDITIONS = DEBUG;
				SWIFT_OPTIMIZATION_LEVEL = "-Onone";
			};
			name = Debug;
		};
		BFE8FBFA2166188600B8066E /* Release */ = {
			isa = XCBuildConfiguration;
			buildSettings = {
				ALWAYS_SEARCH_USER_PATHS = NO;
				CLANG_ANALYZER_NONNULL = YES;
				CLANG_ANALYZER_NUMBER_OBJECT_CONVERSION = YES_AGGRESSIVE;
				CLANG_CXX_LANGUAGE_STANDARD = "gnu++14";
				CLANG_CXX_LIBRARY = "libc++";
				CLANG_ENABLE_MODULES = YES;
				CLANG_ENABLE_OBJC_ARC = YES;
				CLANG_ENABLE_OBJC_WEAK = YES;
				CLANG_WARN_BLOCK_CAPTURE_AUTORELEASING = YES;
				CLANG_WARN_BOOL_CONVERSION = YES;
				CLANG_WARN_COMMA = YES;
				CLANG_WARN_CONSTANT_CONVERSION = YES;
				CLANG_WARN_DEPRECATED_OBJC_IMPLEMENTATIONS = YES;
				CLANG_WARN_DIRECT_OBJC_ISA_USAGE = YES_ERROR;
				CLANG_WARN_DOCUMENTATION_COMMENTS = YES;
				CLANG_WARN_EMPTY_BODY = YES;
				CLANG_WARN_ENUM_CONVERSION = YES;
				CLANG_WARN_INFINITE_RECURSION = YES;
				CLANG_WARN_INT_CONVERSION = YES;
				CLANG_WARN_NON_LITERAL_NULL_CONVERSION = YES;
				CLANG_WARN_OBJC_IMPLICIT_RETAIN_SELF = YES;
				CLANG_WARN_OBJC_LITERAL_CONVERSION = YES;
				CLANG_WARN_OBJC_ROOT_CLASS = YES_ERROR;
				CLANG_WARN_RANGE_LOOP_ANALYSIS = YES;
				CLANG_WARN_STRICT_PROTOTYPES = YES;
				CLANG_WARN_SUSPICIOUS_MOVE = YES;
				CLANG_WARN_UNGUARDED_AVAILABILITY = YES_AGGRESSIVE;
				CLANG_WARN_UNREACHABLE_CODE = YES;
				CLANG_WARN__DUPLICATE_METHOD_MATCH = YES;
				CODE_SIGN_IDENTITY = "iPhone Distribution: BCSKAPP LLC (S672Z494UL)";
				COPY_PHASE_STRIP = NO;
				DEBUG_INFORMATION_FORMAT = "dwarf-with-dsym";
				DEVELOPMENT_TEAM = S672Z494UL;
				ENABLE_NS_ASSERTIONS = NO;
				ENABLE_STRICT_OBJC_MSGSEND = YES;
				GCC_C_LANGUAGE_STANDARD = gnu11;
				GCC_NO_COMMON_BLOCKS = YES;
				GCC_WARN_64_TO_32_BIT_CONVERSION = YES;
				GCC_WARN_ABOUT_RETURN_TYPE = YES_ERROR;
				GCC_WARN_UNDECLARED_SELECTOR = YES;
				GCC_WARN_UNINITIALIZED_AUTOS = YES_AGGRESSIVE;
				GCC_WARN_UNUSED_FUNCTION = YES;
				GCC_WARN_UNUSED_VARIABLE = YES;
				IPHONEOS_DEPLOYMENT_TARGET = 10.0;
				MTL_ENABLE_DEBUG_INFO = NO;
				PROVISIONING_PROFILE = "";
				SDKROOT = iphoneos;
				SWIFT_COMPILATION_MODE = wholemodule;
				SWIFT_OPTIMIZATION_LEVEL = "-O";
				VALIDATE_PRODUCT = YES;
			};
			name = Release;
		};
		BFE8FBFC2166188600B8066E /* Debug */ = {
			isa = XCBuildConfiguration;
			baseConfigurationReference = CF20BCC0944DE69C06CE469D /* Pods-Explore Local.debug.xcconfig */;
			buildSettings = {
				ASSETCATALOG_COMPILER_APPICON_NAME = AppIcon;
				CODE_SIGN_ENTITLEMENTS = "Explore Local/Explore Local.entitlements";
				CODE_SIGN_IDENTITY = "iPhone Developer";
				CODE_SIGN_STYLE = Automatic;
				DEVELOPMENT_TEAM = S672Z494UL;
				GCC_PREPROCESSOR_DEFINITIONS = (
					"$(inherited)",
					"COCOAPODS=1",
					"$(inherited)",
					"GTM_OAUTH2_USE_FRAMEWORK_IMPORTS=1",
					STRIPE_ENABLE_APPLEPAY,
				);
				INFOPLIST_FILE = "Explore Local/Info.plist";
				IPHONEOS_DEPLOYMENT_TARGET = 10.0;
				LD_RUNPATH_SEARCH_PATHS = (
					"$(inherited)",
					"@executable_path/Frameworks",
				);
				PRODUCT_BUNDLE_IDENTIFIER = com.app.explorelocal;
				PRODUCT_NAME = "$(TARGET_NAME)";
				PROVISIONING_PROFILE = "";
				PROVISIONING_PROFILE_SPECIFIER = "";
				SWIFT_VERSION = 4.0;
				TARGETED_DEVICE_FAMILY = 1;
			};
			name = Debug;
		};
		BFE8FBFD2166188600B8066E /* Release */ = {
			isa = XCBuildConfiguration;
			baseConfigurationReference = F060905918F6C3C272A4F675 /* Pods-Explore Local.release.xcconfig */;
			buildSettings = {
				ASSETCATALOG_COMPILER_APPICON_NAME = AppIcon;
				CODE_SIGN_ENTITLEMENTS = "Explore Local/Explore Local.entitlements";
				CODE_SIGN_IDENTITY = "iPhone Developer";
				CODE_SIGN_STYLE = Automatic;
				DEVELOPMENT_TEAM = S672Z494UL;
				GCC_PREPROCESSOR_DEFINITIONS = (
					"$(inherited)",
					"COCOAPODS=1",
					"$(inherited)",
					"GTM_OAUTH2_USE_FRAMEWORK_IMPORTS=1",
					STRIPE_ENABLE_APPLEPAY,
				);
				INFOPLIST_FILE = "Explore Local/Info.plist";
				IPHONEOS_DEPLOYMENT_TARGET = 10.0;
				LD_RUNPATH_SEARCH_PATHS = (
					"$(inherited)",
					"@executable_path/Frameworks",
				);
				PRODUCT_BUNDLE_IDENTIFIER = com.app.explorelocal;
				PRODUCT_NAME = "$(TARGET_NAME)";
				PROVISIONING_PROFILE = "";
				PROVISIONING_PROFILE_SPECIFIER = "";
				SWIFT_VERSION = 4.0;
				TARGETED_DEVICE_FAMILY = 1;
			};
			name = Release;
		};
/* End XCBuildConfiguration section */

/* Begin XCConfigurationList section */
		BFE8FBE12166188400B8066E /* Build configuration list for PBXProject "Explore Local" */ = {
			isa = XCConfigurationList;
			buildConfigurations = (
				BFE8FBF92166188600B8066E /* Debug */,
				BFE8FBFA2166188600B8066E /* Release */,
			);
			defaultConfigurationIsVisible = 0;
			defaultConfigurationName = Release;
		};
		BFE8FBFB2166188600B8066E /* Build configuration list for PBXNativeTarget "Explore Local" */ = {
			isa = XCConfigurationList;
			buildConfigurations = (
				BFE8FBFC2166188600B8066E /* Debug */,
				BFE8FBFD2166188600B8066E /* Release */,
			);
			defaultConfigurationIsVisible = 0;
			defaultConfigurationName = Release;
		};
/* End XCConfigurationList section */

/* Begin XCVersionGroup section */
		BFE8FBF02166188400B8066E /* Reviews_And_Rattings.xcdatamodeld */ = {
			isa = XCVersionGroup;
			children = (
				BFE8FBF12166188400B8066E /* Reviews_And_Rattings.xcdatamodel */,
			);
			currentVersion = BFE8FBF12166188400B8066E /* Reviews_And_Rattings.xcdatamodel */;
			path = Reviews_And_Rattings.xcdatamodeld;
			sourceTree = "<group>";
			versionGroupType = wrapper.xcdatamodel;
		};
/* End XCVersionGroup section */
	};
	rootObject = BFE8FBDE2166188400B8066E /* Project object */;
}
